<?xml version="1.0" encoding="utf-8"?>
<Project ToolsVersion="17.0" xmlns="http://schemas.microsoft.com/developer/msbuild/2003">
  <ItemGroup>
    <ClCompile Include="E:\Repos\PhysX41\physx\source\lowlevelaabb\src\BpAABBManager.cpp">
      <Filter>src</Filter>
    </ClCompile>
    <ClCompile Include="E:\Repos\PhysX41\physx\source\lowlevelaabb\src\BpBroadPhase.cpp">
      <Filter>src</Filter>
    </ClCompile>
    <ClCompile Include="E:\Repos\PhysX41\physx\source\lowlevelaabb\src\BpBroadPhaseABP.cpp">
      <Filter>src</Filter>
    </ClCompile>
    <ClCompile Include="E:\Repos\PhysX41\physx\source\lowlevelaabb\src\BpBroadPhaseMBP.cpp">
      <Filter>src</Filter>
    </ClCompile>
    <ClCompile Include="E:\Repos\PhysX41\physx\source\lowlevelaabb\src\BpBroadPhaseSap.cpp">
      <Filter>src</Filter>
    </ClCompile>
    <ClCompile Include="E:\Repos\PhysX41\physx\source\lowlevelaabb\src\BpBroadPhaseSapAux.cpp">
      <Filter>src</Filter>
    </ClCompile>
    <ClCompile Include="E:\Repos\PhysX41\physx\source\lowlevelaabb\src\BpBroadPhaseShared.cpp">
      <Filter>src</Filter>
    </ClCompile>
    <ClCompile Include="E:\Repos\PhysX41\physx\source\lowlevelaabb\src\BpMBPTasks.cpp">
      <Filter>src</Filter>
    </ClCompile>
    <ClCompile Include="E:\Repos\PhysX41\physx\source\lowlevelaabb\src\BpSAPTasks.cpp">
      <Filter>src</Filter>
    </ClCompile>
  </ItemGroup>
  <ItemGroup>
    <ClInclude Include="E:\Repos\PhysX41\physx\source\lowlevelaabb\include\BpAABBManager.h">
      <Filter>includes</Filter>
    </ClInclude>
    <ClInclude Include="E:\Repos\PhysX41\physx\source\lowlevelaabb\include\BpAABBManagerTasks.h">
      <Filter>includes</Filter>
    </ClInclude>
    <ClInclude Include="E:\Repos\PhysX41\physx\source\lowlevelaabb\include\BpBroadPhase.h">
      <Filter>includes</Filter>
    </ClInclude>
    <ClInclude Include="E:\Repos\PhysX41\physx\source\lowlevelaabb\include\BpBroadPhaseUpdate.h">
      <Filter>includes</Filter>
    </ClInclude>
    <ClInclude Include="E:\Repos\PhysX41\physx\source\lowlevelaabb\src\BpBroadPhaseABP.h">
      <Filter>src</Filter>
    </ClInclude>
    <ClInclude Include="E:\Repos\PhysX41\physx\source\lowlevelaabb\src\BpBroadPhaseMBP.h">
      <Filter>src</Filter>
    </ClInclude>
    <ClInclude Include="E:\Repos\PhysX41\physx\source\lowlevelaabb\src\BpBroadPhaseMBPCommon.h">
      <Filter>src</Filter>
    </ClInclude>
    <ClInclude Include="E:\Repos\PhysX41\physx\source\lowlevelaabb\src\BpBroadPhaseSap.h">
      <Filter>src</Filter>
    </ClInclude>
    <ClInclude Include="E:\Repos\PhysX41\physx\source\lowlevelaabb\src\BpBroadPhaseSapAux.h">
      <Filter>src</Filter>
    </ClInclude>
    <ClInclude Include="E:\Repos\PhysX41\physx\source\lowlevelaabb\src\BpBroadPhaseShared.h">
      <Filter>src</Filter>
    </ClInclude>
    <ClInclude Include="E:\Repos\PhysX41\physx\source\lowlevelaabb\src\BpMBPTasks.h">
      <Filter>src</Filter>
    </ClInclude>
    <ClInclude Include="E:\Repos\PhysX41\physx\source\lowlevelaabb\src\BpSAPTasks.h">
      <Filter>src</Filter>
    </ClInclude>
  </ItemGroup>
  <ItemGroup>
    <CustomBuild Include="E:\Repos\PhysX41\physx\source\compiler\cmake\CMakeLists.txt" />
  </ItemGroup>
  <ItemGroup>
    <Filter Include="includes">
      <UniqueIdentifier>{CB189D38-04BF-3237-96F0-6AC15870E227}</UniqueIdentifier>
    </Filter>
    <Filter Include="src">
      <UniqueIdentifier>{60C1A2FD-1D7E-36FB-A2B4-8F7D3007A721}</UniqueIdentifier>
    </Filter>
  </ItemGroup>
</Project>
