<?xml version="1.0" encoding="utf-8"?>
<Project ToolsVersion="17.0" xmlns="http://schemas.microsoft.com/developer/msbuild/2003">
  <ItemGroup>
    <ClCompile Include="E:\Repos\PhysX41\physx\source\physxvehicle\src\PxVehicleComponents.cpp">
      <Filter>src</Filter>
    </ClCompile>
    <ClCompile Include="E:\Repos\PhysX41\physx\source\physxvehicle\src\PxVehicleDrive.cpp">
      <Filter>src</Filter>
    </ClCompile>
    <ClCompile Include="E:\Repos\PhysX41\physx\source\physxvehicle\src\PxVehicleDrive4W.cpp">
      <Filter>src</Filter>
    </ClCompile>
    <ClCompile Include="E:\Repos\PhysX41\physx\source\physxvehicle\src\PxVehicleDriveNW.cpp">
      <Filter>src</Filter>
    </ClCompile>
    <ClCompile Include="E:\Repos\PhysX41\physx\source\physxvehicle\src\PxVehicleDriveTank.cpp">
      <Filter>src</Filter>
    </ClCompile>
    <ClCompile Include="E:\Repos\PhysX41\physx\source\physxvehicle\src\PxVehicleMetaData.cpp">
      <Filter>src</Filter>
    </ClCompile>
    <ClCompile Include="E:\Repos\PhysX41\physx\source\physxvehicle\src\PxVehicleNoDrive.cpp">
      <Filter>src</Filter>
    </ClCompile>
    <ClCompile Include="E:\Repos\PhysX41\physx\source\physxvehicle\src\PxVehicleSDK.cpp">
      <Filter>src</Filter>
    </ClCompile>
    <ClCompile Include="E:\Repos\PhysX41\physx\source\physxvehicle\src\PxVehicleSerialization.cpp">
      <Filter>src</Filter>
    </ClCompile>
    <ClCompile Include="E:\Repos\PhysX41\physx\source\physxvehicle\src\PxVehicleSuspWheelTire4.cpp">
      <Filter>src</Filter>
    </ClCompile>
    <ClCompile Include="E:\Repos\PhysX41\physx\source\physxvehicle\src\PxVehicleTireFriction.cpp">
      <Filter>src</Filter>
    </ClCompile>
    <ClCompile Include="E:\Repos\PhysX41\physx\source\physxvehicle\src\PxVehicleUpdate.cpp">
      <Filter>src</Filter>
    </ClCompile>
    <ClCompile Include="E:\Repos\PhysX41\physx\source\physxvehicle\src\PxVehicleWheels.cpp">
      <Filter>src</Filter>
    </ClCompile>
    <ClCompile Include="E:\Repos\PhysX41\physx\source\physxvehicle\src\VehicleUtilControl.cpp">
      <Filter>src</Filter>
    </ClCompile>
    <ClCompile Include="E:\Repos\PhysX41\physx\source\physxvehicle\src\VehicleUtilSetup.cpp">
      <Filter>src</Filter>
    </ClCompile>
    <ClCompile Include="E:\Repos\PhysX41\physx\source\physxvehicle\src\VehicleUtilTelemetry.cpp">
      <Filter>src</Filter>
    </ClCompile>
    <ClCompile Include="E:\Repos\PhysX41\physx\source\physxvehicle\src\physxmetadata\src\PxVehicleAutoGeneratedMetaDataObjects.cpp">
      <Filter>metadata\src</Filter>
    </ClCompile>
    <ClCompile Include="E:\Repos\PhysX41\physx\source\physxvehicle\src\physxmetadata\src\PxVehicleMetaDataObjects.cpp">
      <Filter>metadata\src</Filter>
    </ClCompile>
  </ItemGroup>
  <ItemGroup>
    <ClInclude Include="E:\Repos\PhysX41\physx\source\physxvehicle\src\PxVehicleDefaults.h">
      <Filter>src</Filter>
    </ClInclude>
    <ClInclude Include="E:\Repos\PhysX41\physx\source\physxvehicle\src\PxVehicleLinearMath.h">
      <Filter>src</Filter>
    </ClInclude>
    <ClInclude Include="E:\Repos\PhysX41\physx\source\physxvehicle\src\PxVehicleSerialization.h">
      <Filter>src</Filter>
    </ClInclude>
    <ClInclude Include="E:\Repos\PhysX41\physx\source\physxvehicle\src\PxVehicleSuspLimitConstraintShader.h">
      <Filter>src</Filter>
    </ClInclude>
    <ClInclude Include="E:\Repos\PhysX41\physx\source\physxvehicle\src\PxVehicleSuspWheelTire4.h">
      <Filter>src</Filter>
    </ClInclude>
    <ClInclude Include="E:\Repos\PhysX41\physx\include\vehicle\PxVehicleComponents.h">
      <Filter>include</Filter>
    </ClInclude>
    <ClInclude Include="E:\Repos\PhysX41\physx\include\vehicle\PxVehicleDrive.h">
      <Filter>include</Filter>
    </ClInclude>
    <ClInclude Include="E:\Repos\PhysX41\physx\include\vehicle\PxVehicleDrive4W.h">
      <Filter>include</Filter>
    </ClInclude>
    <ClInclude Include="E:\Repos\PhysX41\physx\include\vehicle\PxVehicleDriveNW.h">
      <Filter>include</Filter>
    </ClInclude>
    <ClInclude Include="E:\Repos\PhysX41\physx\include\vehicle\PxVehicleDriveTank.h">
      <Filter>include</Filter>
    </ClInclude>
    <ClInclude Include="E:\Repos\PhysX41\physx\include\vehicle\PxVehicleNoDrive.h">
      <Filter>include</Filter>
    </ClInclude>
    <ClInclude Include="E:\Repos\PhysX41\physx\include\vehicle\PxVehicleSDK.h">
      <Filter>include</Filter>
    </ClInclude>
    <ClInclude Include="E:\Repos\PhysX41\physx\include\vehicle\PxVehicleShaders.h">
      <Filter>include</Filter>
    </ClInclude>
    <ClInclude Include="E:\Repos\PhysX41\physx\include\vehicle\PxVehicleTireFriction.h">
      <Filter>include</Filter>
    </ClInclude>
    <ClInclude Include="E:\Repos\PhysX41\physx\include\vehicle\PxVehicleUpdate.h">
      <Filter>include</Filter>
    </ClInclude>
    <ClInclude Include="E:\Repos\PhysX41\physx\include\vehicle\PxVehicleUtil.h">
      <Filter>include</Filter>
    </ClInclude>
    <ClInclude Include="E:\Repos\PhysX41\physx\include\vehicle\PxVehicleUtilControl.h">
      <Filter>include</Filter>
    </ClInclude>
    <ClInclude Include="E:\Repos\PhysX41\physx\include\vehicle\PxVehicleUtilSetup.h">
      <Filter>include</Filter>
    </ClInclude>
    <ClInclude Include="E:\Repos\PhysX41\physx\include\vehicle\PxVehicleUtilTelemetry.h">
      <Filter>include</Filter>
    </ClInclude>
    <ClInclude Include="E:\Repos\PhysX41\physx\include\vehicle\PxVehicleWheels.h">
      <Filter>include</Filter>
    </ClInclude>
    <ClInclude Include="E:\Repos\PhysX41\physx\source\physxvehicle\src\physxmetadata\include\PxVehicleAutoGeneratedMetaDataObjectNames.h">
      <Filter>metadata\include</Filter>
    </ClInclude>
    <ClInclude Include="E:\Repos\PhysX41\physx\source\physxvehicle\src\physxmetadata\include\PxVehicleAutoGeneratedMetaDataObjects.h">
      <Filter>metadata\include</Filter>
    </ClInclude>
    <ClInclude Include="E:\Repos\PhysX41\physx\source\physxvehicle\src\physxmetadata\include\PxVehicleMetaDataObjects.h">
      <Filter>metadata\include</Filter>
    </ClInclude>
  </ItemGroup>
  <ItemGroup>
    <CustomBuild Include="E:\Repos\PhysX41\physx\source\compiler\cmake\CMakeLists.txt" />
  </ItemGroup>
  <ItemGroup>
    <Filter Include="include">
      <UniqueIdentifier>{96B792E4-0C61-3941-B002-2A02E4CDC55C}</UniqueIdentifier>
    </Filter>
    <Filter Include="metadata">
      <UniqueIdentifier>{0D74CA02-2B10-3A3E-9CDE-DC6EE0B4BA8E}</UniqueIdentifier>
    </Filter>
    <Filter Include="metadata\include">
      <UniqueIdentifier>{FA1EF74F-726E-3409-BF69-8B43952DC8E9}</UniqueIdentifier>
    </Filter>
    <Filter Include="metadata\src">
      <UniqueIdentifier>{D0BD4AFD-690A-3210-B35C-93C2619E4E52}</UniqueIdentifier>
    </Filter>
    <Filter Include="src">
      <UniqueIdentifier>{60C1A2FD-1D7E-36FB-A2B4-8F7D3007A721}</UniqueIdentifier>
    </Filter>
  </ItemGroup>
</Project>
