
Microsoft Visual Studio Solution File, Format Version 12.00
# Visual Studio Version 17
Project("{2150E333-8FDC-42A3-9474-1A3956D46DE8}") = "CMakePredefinedTargets", "CMakePredefinedTargets", "{3B233F6D-192D-3A96-AAAB-A9D8874A8B54}"
EndProject
Project("{2150E333-8FDC-42A3-9474-1A3956D46DE8}") = "PhysX SDK", "PhysX SDK", "{F2E22FAD-C4C8-3C74-8F3D-956FF59DA18B}"
EndProject
Project("{2150E333-8FDC-42A3-9474-1A3956D46DE8}") = "Snippets", "Snippets", "{8E329FE5-2B2E-3842-9E3C-5D14BCB0D4A1}"
EndProject
Project("{2150E333-8FDC-42A3-9474-1A3956D46DE8}") = "Libraries only", "Snippets\Libraries only", "{59FC8EF1-2B21-347A-804C-5F0E883DD224}"
EndProject
Project("{8BC9CEB8-8B4A-11D0-8D11-00A0C91BC942}") = "ALL_BUILD", "ALL_BUILD.vcxproj", "{1706A4D8-D719-3C8B-B536-F7E552D83607}"
	ProjectSection(ProjectDependencies) = postProject
		{C846D018-D41D-3C7B-B5BB-F1E4B4D3A983} = {C846D018-D41D-3C7B-B5BB-F1E4B4D3A983}
		{A204FECB-AB7F-3E3B-8530-02B890472041} = {A204FECB-AB7F-3E3B-8530-02B890472041}
		{392ED110-E221-383E-8BAF-0BD536A976C2} = {392ED110-E221-383E-8BAF-0BD536A976C2}
		{457523DC-B822-36AA-B456-F37EB087EC4B} = {457523DC-B822-36AA-B456-F37EB087EC4B}
		{4F9EE9AE-5404-3640-AF2D-3D750D55FE64} = {4F9EE9AE-5404-3640-AF2D-3D750D55FE64}
		{F81D7B8F-74FA-3751-8700-A63CD82AC313} = {F81D7B8F-74FA-3751-8700-A63CD82AC313}
		{6E517ED2-FFAB-3918-817C-33BAAD356106} = {6E517ED2-FFAB-3918-817C-33BAAD356106}
		{FE1C9CF6-2D76-3088-A9DF-52A7229703C2} = {FE1C9CF6-2D76-3088-A9DF-52A7229703C2}
		{14086E34-CD9A-3F2F-928F-015BDAE23412} = {14086E34-CD9A-3F2F-928F-015BDAE23412}
		{985B31E0-6025-3CDD-AC6B-16F2EE5DB4B4} = {985B31E0-6025-3CDD-AC6B-16F2EE5DB4B4}
		{A6E0B78C-450D-373A-9A48-80F0FADC5369} = {A6E0B78C-450D-373A-9A48-80F0FADC5369}
		{EAE998EE-E7CD-3634-888F-EDCA32F7819A} = {EAE998EE-E7CD-3634-888F-EDCA32F7819A}
		{AF946F7D-61B1-38CE-A11A-26DC21690853} = {AF946F7D-61B1-38CE-A11A-26DC21690853}
		{3922B0DA-5811-3ECF-AFEE-223DC3CF8AC1} = {3922B0DA-5811-3ECF-AFEE-223DC3CF8AC1}
		{8C3C4B9B-039E-3815-837E-21E8A8A13A19} = {8C3C4B9B-039E-3815-837E-21E8A8A13A19}
		{93E1DB22-FEA0-3B87-A62F-D56C3D3FFB78} = {93E1DB22-FEA0-3B87-A62F-D56C3D3FFB78}
		{58DFD4F6-4417-3C1A-A588-9AD8BE289CD7} = {58DFD4F6-4417-3C1A-A588-9AD8BE289CD7}
		{0A0803E1-A36B-3576-AD6D-C4B54C393C8D} = {0A0803E1-A36B-3576-AD6D-C4B54C393C8D}
		{BD9C8E45-506D-38AA-A663-EBF7EC884B65} = {BD9C8E45-506D-38AA-A663-EBF7EC884B65}
		{D2E2D7C2-D7A8-31AE-8A3D-FAF91BEE9AC0} = {D2E2D7C2-D7A8-31AE-8A3D-FAF91BEE9AC0}
		{3B4F890C-702F-3962-A3F3-D048651729A7} = {3B4F890C-702F-3962-A3F3-D048651729A7}
		{DF3FF8AD-3A31-3B60-8763-20F1D1B197CA} = {DF3FF8AD-3A31-3B60-8763-20F1D1B197CA}
		{9AC7DBD1-FF10-3A48-A45F-EB78712EFD12} = {9AC7DBD1-FF10-3A48-A45F-EB78712EFD12}
		{65DB5852-BF27-34E1-A8BC-30C566C6B350} = {65DB5852-BF27-34E1-A8BC-30C566C6B350}
		{5F84C247-3540-3511-B449-E1C8F1B9BE92} = {5F84C247-3540-3511-B449-E1C8F1B9BE92}
		{8F02EE17-CC91-3CFE-B76A-342854E5EE00} = {8F02EE17-CC91-3CFE-B76A-342854E5EE00}
		{06F8ED68-5535-375D-9491-34E5D1C880C1} = {06F8ED68-5535-375D-9491-34E5D1C880C1}
		{A3879119-2C23-389C-AEFF-C2DBE852E4A7} = {A3879119-2C23-389C-AEFF-C2DBE852E4A7}
		{E6BA06D9-1352-3177-BC8E-E18CB1F605CB} = {E6BA06D9-1352-3177-BC8E-E18CB1F605CB}
		{841CEE62-71EC-3497-ADB3-3BE786123D3E} = {841CEE62-71EC-3497-ADB3-3BE786123D3E}
		{C7FE512D-6F08-33C6-9EAD-D5BBBDC01F92} = {C7FE512D-6F08-33C6-9EAD-D5BBBDC01F92}
		{1492BD6B-0E83-36B2-A771-B3068AA959AC} = {1492BD6B-0E83-36B2-A771-B3068AA959AC}
		{7A04A1CD-F9EA-3CF2-B6E4-3A37B3D192D8} = {7A04A1CD-F9EA-3CF2-B6E4-3A37B3D192D8}
		{0255956F-62F7-3995-A253-9B7677A41C18} = {0255956F-62F7-3995-A253-9B7677A41C18}
		{7DF95D57-38D3-3F3E-84B7-E05EA55E558B} = {7DF95D57-38D3-3F3E-84B7-E05EA55E558B}
		{3DED8F23-B9A3-33C4-9D49-9AACA1FF6239} = {3DED8F23-B9A3-33C4-9D49-9AACA1FF6239}
		{1A9F9C46-E4BA-3F6B-BDCD-EF62E1251B1E} = {1A9F9C46-E4BA-3F6B-BDCD-EF62E1251B1E}
		{2566DA1C-4CC7-33C7-BD33-7728D3AFE733} = {2566DA1C-4CC7-33C7-BD33-7728D3AFE733}
	EndProjectSection
EndProject
Project("{8BC9CEB8-8B4A-11D0-8D11-00A0C91BC942}") = "FastXml", "..\sdk_source_bin\FastXml.vcxproj", "{4419EB5F-794F-3852-8B60-AA0A0A5B0477}"
	ProjectSection(ProjectDependencies) = postProject
		{2566DA1C-4CC7-33C7-BD33-7728D3AFE733} = {2566DA1C-4CC7-33C7-BD33-7728D3AFE733}
	EndProjectSection
EndProject
Project("{8BC9CEB8-8B4A-11D0-8D11-00A0C91BC942}") = "INSTALL", "INSTALL.vcxproj", "{15ECF938-3637-3324-AFC1-5B5D64B87370}"
	ProjectSection(ProjectDependencies) = postProject
		{1706A4D8-D719-3C8B-B536-F7E552D83607} = {1706A4D8-D719-3C8B-B536-F7E552D83607}
		{2566DA1C-4CC7-33C7-BD33-7728D3AFE733} = {2566DA1C-4CC7-33C7-BD33-7728D3AFE733}
	EndProjectSection
EndProject
Project("{8BC9CEB8-8B4A-11D0-8D11-00A0C91BC942}") = "LowLevel", "..\sdk_source_bin\LowLevel.vcxproj", "{ADC75279-EFB0-3455-BB48-77F69B251348}"
	ProjectSection(ProjectDependencies) = postProject
		{2566DA1C-4CC7-33C7-BD33-7728D3AFE733} = {2566DA1C-4CC7-33C7-BD33-7728D3AFE733}
	EndProjectSection
EndProject
Project("{8BC9CEB8-8B4A-11D0-8D11-00A0C91BC942}") = "LowLevelAABB", "..\sdk_source_bin\LowLevelAABB.vcxproj", "{7F6CCBF7-A5D6-3631-A9E2-1F94E6740223}"
	ProjectSection(ProjectDependencies) = postProject
		{2566DA1C-4CC7-33C7-BD33-7728D3AFE733} = {2566DA1C-4CC7-33C7-BD33-7728D3AFE733}
	EndProjectSection
EndProject
Project("{8BC9CEB8-8B4A-11D0-8D11-00A0C91BC942}") = "LowLevelDynamics", "..\sdk_source_bin\LowLevelDynamics.vcxproj", "{69B6F804-E023-30C0-8112-39438778CB3B}"
	ProjectSection(ProjectDependencies) = postProject
		{2566DA1C-4CC7-33C7-BD33-7728D3AFE733} = {2566DA1C-4CC7-33C7-BD33-7728D3AFE733}
	EndProjectSection
EndProject
Project("{8BC9CEB8-8B4A-11D0-8D11-00A0C91BC942}") = "PhysX", "..\sdk_source_bin\PhysX.vcxproj", "{88A1F626-AC93-3EAC-8867-BD2D9DA9DDCB}"
	ProjectSection(ProjectDependencies) = postProject
		{ADC75279-EFB0-3455-BB48-77F69B251348} = {ADC75279-EFB0-3455-BB48-77F69B251348}
		{7F6CCBF7-A5D6-3631-A9E2-1F94E6740223} = {7F6CCBF7-A5D6-3631-A9E2-1F94E6740223}
		{69B6F804-E023-30C0-8112-39438778CB3B} = {69B6F804-E023-30C0-8112-39438778CB3B}
		{449E0A6B-0827-3500-848F-D65454CE9E70} = {449E0A6B-0827-3500-848F-D65454CE9E70}
		{C97A74A2-205A-382F-8377-462176ABAE87} = {C97A74A2-205A-382F-8377-462176ABAE87}
		{ABE40F1E-E672-360A-AB98-7B2527F82883} = {ABE40F1E-E672-360A-AB98-7B2527F82883}
		{9891D5F3-0EB6-301A-9041-9468E83014D8} = {9891D5F3-0EB6-301A-9041-9468E83014D8}
		{877996C9-D960-3EF4-BD21-5D0D6C19FC18} = {877996C9-D960-3EF4-BD21-5D0D6C19FC18}
		{269B9496-FA2D-338B-A0B6-79F88F35FC4E} = {269B9496-FA2D-338B-A0B6-79F88F35FC4E}
		{2566DA1C-4CC7-33C7-BD33-7728D3AFE733} = {2566DA1C-4CC7-33C7-BD33-7728D3AFE733}
	EndProjectSection
EndProject
Project("{8BC9CEB8-8B4A-11D0-8D11-00A0C91BC942}") = "PhysXCharacterKinematic", "..\sdk_source_bin\PhysXCharacterKinematic.vcxproj", "{F8646465-38E0-3157-BF90-4EF5C71AB21E}"
	ProjectSection(ProjectDependencies) = postProject
		{C97A74A2-205A-382F-8377-462176ABAE87} = {C97A74A2-205A-382F-8377-462176ABAE87}
		{2566DA1C-4CC7-33C7-BD33-7728D3AFE733} = {2566DA1C-4CC7-33C7-BD33-7728D3AFE733}
	EndProjectSection
EndProject
Project("{8BC9CEB8-8B4A-11D0-8D11-00A0C91BC942}") = "PhysXCommon", "..\sdk_source_bin\PhysXCommon.vcxproj", "{449E0A6B-0827-3500-848F-D65454CE9E70}"
	ProjectSection(ProjectDependencies) = postProject
		{C97A74A2-205A-382F-8377-462176ABAE87} = {C97A74A2-205A-382F-8377-462176ABAE87}
		{2566DA1C-4CC7-33C7-BD33-7728D3AFE733} = {2566DA1C-4CC7-33C7-BD33-7728D3AFE733}
	EndProjectSection
EndProject
Project("{8BC9CEB8-8B4A-11D0-8D11-00A0C91BC942}") = "PhysXCooking", "..\sdk_source_bin\PhysXCooking.vcxproj", "{B3634536-CA62-337E-8ECC-E73B77C954FB}"
	ProjectSection(ProjectDependencies) = postProject
		{449E0A6B-0827-3500-848F-D65454CE9E70} = {449E0A6B-0827-3500-848F-D65454CE9E70}
		{C97A74A2-205A-382F-8377-462176ABAE87} = {C97A74A2-205A-382F-8377-462176ABAE87}
		{2566DA1C-4CC7-33C7-BD33-7728D3AFE733} = {2566DA1C-4CC7-33C7-BD33-7728D3AFE733}
	EndProjectSection
EndProject
Project("{8BC9CEB8-8B4A-11D0-8D11-00A0C91BC942}") = "PhysXExtensions", "..\sdk_source_bin\PhysXExtensions.vcxproj", "{BC89B4A8-F1D0-3C9C-B792-DF324AAD4929}"
	ProjectSection(ProjectDependencies) = postProject
		{4419EB5F-794F-3852-8B60-AA0A0A5B0477} = {4419EB5F-794F-3852-8B60-AA0A0A5B0477}
		{88A1F626-AC93-3EAC-8867-BD2D9DA9DDCB} = {88A1F626-AC93-3EAC-8867-BD2D9DA9DDCB}
		{C97A74A2-205A-382F-8377-462176ABAE87} = {C97A74A2-205A-382F-8377-462176ABAE87}
		{ABE40F1E-E672-360A-AB98-7B2527F82883} = {ABE40F1E-E672-360A-AB98-7B2527F82883}
		{2566DA1C-4CC7-33C7-BD33-7728D3AFE733} = {2566DA1C-4CC7-33C7-BD33-7728D3AFE733}
	EndProjectSection
EndProject
Project("{8BC9CEB8-8B4A-11D0-8D11-00A0C91BC942}") = "PhysXFoundation", "..\sdk_source_bin\PhysXFoundation.vcxproj", "{C97A74A2-205A-382F-8377-462176ABAE87}"
	ProjectSection(ProjectDependencies) = postProject
		{2566DA1C-4CC7-33C7-BD33-7728D3AFE733} = {2566DA1C-4CC7-33C7-BD33-7728D3AFE733}
	EndProjectSection
EndProject
Project("{8BC9CEB8-8B4A-11D0-8D11-00A0C91BC942}") = "PhysXPvdSDK", "..\sdk_source_bin\PhysXPvdSDK.vcxproj", "{ABE40F1E-E672-360A-AB98-7B2527F82883}"
	ProjectSection(ProjectDependencies) = postProject
		{C97A74A2-205A-382F-8377-462176ABAE87} = {C97A74A2-205A-382F-8377-462176ABAE87}
		{2566DA1C-4CC7-33C7-BD33-7728D3AFE733} = {2566DA1C-4CC7-33C7-BD33-7728D3AFE733}
	EndProjectSection
EndProject
Project("{8BC9CEB8-8B4A-11D0-8D11-00A0C91BC942}") = "PhysXTask", "..\sdk_source_bin\PhysXTask.vcxproj", "{9891D5F3-0EB6-301A-9041-9468E83014D8}"
	ProjectSection(ProjectDependencies) = postProject
		{2566DA1C-4CC7-33C7-BD33-7728D3AFE733} = {2566DA1C-4CC7-33C7-BD33-7728D3AFE733}
	EndProjectSection
EndProject
Project("{8BC9CEB8-8B4A-11D0-8D11-00A0C91BC942}") = "PhysXVehicle", "..\sdk_source_bin\PhysXVehicle.vcxproj", "{1A0B03A3-D9C0-3108-A53D-49746926AF27}"
	ProjectSection(ProjectDependencies) = postProject
		{C97A74A2-205A-382F-8377-462176ABAE87} = {C97A74A2-205A-382F-8377-462176ABAE87}
		{ABE40F1E-E672-360A-AB98-7B2527F82883} = {ABE40F1E-E672-360A-AB98-7B2527F82883}
		{2566DA1C-4CC7-33C7-BD33-7728D3AFE733} = {2566DA1C-4CC7-33C7-BD33-7728D3AFE733}
	EndProjectSection
EndProject
Project("{8BC9CEB8-8B4A-11D0-8D11-00A0C91BC942}") = "SceneQuery", "..\sdk_source_bin\SceneQuery.vcxproj", "{877996C9-D960-3EF4-BD21-5D0D6C19FC18}"
	ProjectSection(ProjectDependencies) = postProject
		{2566DA1C-4CC7-33C7-BD33-7728D3AFE733} = {2566DA1C-4CC7-33C7-BD33-7728D3AFE733}
	EndProjectSection
EndProject
Project("{8BC9CEB8-8B4A-11D0-8D11-00A0C91BC942}") = "SimulationController", "..\sdk_source_bin\SimulationController.vcxproj", "{269B9496-FA2D-338B-A0B6-79F88F35FC4E}"
	ProjectSection(ProjectDependencies) = postProject
		{2566DA1C-4CC7-33C7-BD33-7728D3AFE733} = {2566DA1C-4CC7-33C7-BD33-7728D3AFE733}
	EndProjectSection
EndProject
Project("{8BC9CEB8-8B4A-11D0-8D11-00A0C91BC942}") = "SnippetArticulation", "SnippetArticulation.vcxproj", "{C846D018-D41D-3C7B-B5BB-F1E4B4D3A983}"
	ProjectSection(ProjectDependencies) = postProject
		{88A1F626-AC93-3EAC-8867-BD2D9DA9DDCB} = {88A1F626-AC93-3EAC-8867-BD2D9DA9DDCB}
		{F8646465-38E0-3157-BF90-4EF5C71AB21E} = {F8646465-38E0-3157-BF90-4EF5C71AB21E}
		{449E0A6B-0827-3500-848F-D65454CE9E70} = {449E0A6B-0827-3500-848F-D65454CE9E70}
		{B3634536-CA62-337E-8ECC-E73B77C954FB} = {B3634536-CA62-337E-8ECC-E73B77C954FB}
		{BC89B4A8-F1D0-3C9C-B792-DF324AAD4929} = {BC89B4A8-F1D0-3C9C-B792-DF324AAD4929}
		{C97A74A2-205A-382F-8377-462176ABAE87} = {C97A74A2-205A-382F-8377-462176ABAE87}
		{ABE40F1E-E672-360A-AB98-7B2527F82883} = {ABE40F1E-E672-360A-AB98-7B2527F82883}
		{1A0B03A3-D9C0-3108-A53D-49746926AF27} = {1A0B03A3-D9C0-3108-A53D-49746926AF27}
		{9AC7DBD1-FF10-3A48-A45F-EB78712EFD12} = {9AC7DBD1-FF10-3A48-A45F-EB78712EFD12}
		{C7FE512D-6F08-33C6-9EAD-D5BBBDC01F92} = {C7FE512D-6F08-33C6-9EAD-D5BBBDC01F92}
		{2566DA1C-4CC7-33C7-BD33-7728D3AFE733} = {2566DA1C-4CC7-33C7-BD33-7728D3AFE733}
	EndProjectSection
EndProject
Project("{8BC9CEB8-8B4A-11D0-8D11-00A0C91BC942}") = "SnippetBVHStructure", "SnippetBVHStructure.vcxproj", "{A204FECB-AB7F-3E3B-8530-02B890472041}"
	ProjectSection(ProjectDependencies) = postProject
		{88A1F626-AC93-3EAC-8867-BD2D9DA9DDCB} = {88A1F626-AC93-3EAC-8867-BD2D9DA9DDCB}
		{F8646465-38E0-3157-BF90-4EF5C71AB21E} = {F8646465-38E0-3157-BF90-4EF5C71AB21E}
		{449E0A6B-0827-3500-848F-D65454CE9E70} = {449E0A6B-0827-3500-848F-D65454CE9E70}
		{B3634536-CA62-337E-8ECC-E73B77C954FB} = {B3634536-CA62-337E-8ECC-E73B77C954FB}
		{BC89B4A8-F1D0-3C9C-B792-DF324AAD4929} = {BC89B4A8-F1D0-3C9C-B792-DF324AAD4929}
		{C97A74A2-205A-382F-8377-462176ABAE87} = {C97A74A2-205A-382F-8377-462176ABAE87}
		{ABE40F1E-E672-360A-AB98-7B2527F82883} = {ABE40F1E-E672-360A-AB98-7B2527F82883}
		{1A0B03A3-D9C0-3108-A53D-49746926AF27} = {1A0B03A3-D9C0-3108-A53D-49746926AF27}
		{9AC7DBD1-FF10-3A48-A45F-EB78712EFD12} = {9AC7DBD1-FF10-3A48-A45F-EB78712EFD12}
		{C7FE512D-6F08-33C6-9EAD-D5BBBDC01F92} = {C7FE512D-6F08-33C6-9EAD-D5BBBDC01F92}
		{2566DA1C-4CC7-33C7-BD33-7728D3AFE733} = {2566DA1C-4CC7-33C7-BD33-7728D3AFE733}
	EndProjectSection
EndProject
Project("{8BC9CEB8-8B4A-11D0-8D11-00A0C91BC942}") = "SnippetContactModification", "SnippetContactModification.vcxproj", "{392ED110-E221-383E-8BAF-0BD536A976C2}"
	ProjectSection(ProjectDependencies) = postProject
		{88A1F626-AC93-3EAC-8867-BD2D9DA9DDCB} = {88A1F626-AC93-3EAC-8867-BD2D9DA9DDCB}
		{F8646465-38E0-3157-BF90-4EF5C71AB21E} = {F8646465-38E0-3157-BF90-4EF5C71AB21E}
		{449E0A6B-0827-3500-848F-D65454CE9E70} = {449E0A6B-0827-3500-848F-D65454CE9E70}
		{B3634536-CA62-337E-8ECC-E73B77C954FB} = {B3634536-CA62-337E-8ECC-E73B77C954FB}
		{BC89B4A8-F1D0-3C9C-B792-DF324AAD4929} = {BC89B4A8-F1D0-3C9C-B792-DF324AAD4929}
		{C97A74A2-205A-382F-8377-462176ABAE87} = {C97A74A2-205A-382F-8377-462176ABAE87}
		{ABE40F1E-E672-360A-AB98-7B2527F82883} = {ABE40F1E-E672-360A-AB98-7B2527F82883}
		{1A0B03A3-D9C0-3108-A53D-49746926AF27} = {1A0B03A3-D9C0-3108-A53D-49746926AF27}
		{9AC7DBD1-FF10-3A48-A45F-EB78712EFD12} = {9AC7DBD1-FF10-3A48-A45F-EB78712EFD12}
		{C7FE512D-6F08-33C6-9EAD-D5BBBDC01F92} = {C7FE512D-6F08-33C6-9EAD-D5BBBDC01F92}
		{2566DA1C-4CC7-33C7-BD33-7728D3AFE733} = {2566DA1C-4CC7-33C7-BD33-7728D3AFE733}
	EndProjectSection
EndProject
Project("{8BC9CEB8-8B4A-11D0-8D11-00A0C91BC942}") = "SnippetContactReport", "SnippetContactReport.vcxproj", "{457523DC-B822-36AA-B456-F37EB087EC4B}"
	ProjectSection(ProjectDependencies) = postProject
		{88A1F626-AC93-3EAC-8867-BD2D9DA9DDCB} = {88A1F626-AC93-3EAC-8867-BD2D9DA9DDCB}
		{F8646465-38E0-3157-BF90-4EF5C71AB21E} = {F8646465-38E0-3157-BF90-4EF5C71AB21E}
		{449E0A6B-0827-3500-848F-D65454CE9E70} = {449E0A6B-0827-3500-848F-D65454CE9E70}
		{B3634536-CA62-337E-8ECC-E73B77C954FB} = {B3634536-CA62-337E-8ECC-E73B77C954FB}
		{BC89B4A8-F1D0-3C9C-B792-DF324AAD4929} = {BC89B4A8-F1D0-3C9C-B792-DF324AAD4929}
		{C97A74A2-205A-382F-8377-462176ABAE87} = {C97A74A2-205A-382F-8377-462176ABAE87}
		{ABE40F1E-E672-360A-AB98-7B2527F82883} = {ABE40F1E-E672-360A-AB98-7B2527F82883}
		{1A0B03A3-D9C0-3108-A53D-49746926AF27} = {1A0B03A3-D9C0-3108-A53D-49746926AF27}
		{9AC7DBD1-FF10-3A48-A45F-EB78712EFD12} = {9AC7DBD1-FF10-3A48-A45F-EB78712EFD12}
		{C7FE512D-6F08-33C6-9EAD-D5BBBDC01F92} = {C7FE512D-6F08-33C6-9EAD-D5BBBDC01F92}
		{2566DA1C-4CC7-33C7-BD33-7728D3AFE733} = {2566DA1C-4CC7-33C7-BD33-7728D3AFE733}
	EndProjectSection
EndProject
Project("{8BC9CEB8-8B4A-11D0-8D11-00A0C91BC942}") = "SnippetContactReportCCD", "SnippetContactReportCCD.vcxproj", "{4F9EE9AE-5404-3640-AF2D-3D750D55FE64}"
	ProjectSection(ProjectDependencies) = postProject
		{88A1F626-AC93-3EAC-8867-BD2D9DA9DDCB} = {88A1F626-AC93-3EAC-8867-BD2D9DA9DDCB}
		{F8646465-38E0-3157-BF90-4EF5C71AB21E} = {F8646465-38E0-3157-BF90-4EF5C71AB21E}
		{449E0A6B-0827-3500-848F-D65454CE9E70} = {449E0A6B-0827-3500-848F-D65454CE9E70}
		{B3634536-CA62-337E-8ECC-E73B77C954FB} = {B3634536-CA62-337E-8ECC-E73B77C954FB}
		{BC89B4A8-F1D0-3C9C-B792-DF324AAD4929} = {BC89B4A8-F1D0-3C9C-B792-DF324AAD4929}
		{C97A74A2-205A-382F-8377-462176ABAE87} = {C97A74A2-205A-382F-8377-462176ABAE87}
		{ABE40F1E-E672-360A-AB98-7B2527F82883} = {ABE40F1E-E672-360A-AB98-7B2527F82883}
		{1A0B03A3-D9C0-3108-A53D-49746926AF27} = {1A0B03A3-D9C0-3108-A53D-49746926AF27}
		{9AC7DBD1-FF10-3A48-A45F-EB78712EFD12} = {9AC7DBD1-FF10-3A48-A45F-EB78712EFD12}
		{C7FE512D-6F08-33C6-9EAD-D5BBBDC01F92} = {C7FE512D-6F08-33C6-9EAD-D5BBBDC01F92}
		{2566DA1C-4CC7-33C7-BD33-7728D3AFE733} = {2566DA1C-4CC7-33C7-BD33-7728D3AFE733}
	EndProjectSection
EndProject
Project("{8BC9CEB8-8B4A-11D0-8D11-00A0C91BC942}") = "SnippetConvert", "SnippetConvert.vcxproj", "{F81D7B8F-74FA-3751-8700-A63CD82AC313}"
	ProjectSection(ProjectDependencies) = postProject
		{88A1F626-AC93-3EAC-8867-BD2D9DA9DDCB} = {88A1F626-AC93-3EAC-8867-BD2D9DA9DDCB}
		{F8646465-38E0-3157-BF90-4EF5C71AB21E} = {F8646465-38E0-3157-BF90-4EF5C71AB21E}
		{449E0A6B-0827-3500-848F-D65454CE9E70} = {449E0A6B-0827-3500-848F-D65454CE9E70}
		{B3634536-CA62-337E-8ECC-E73B77C954FB} = {B3634536-CA62-337E-8ECC-E73B77C954FB}
		{BC89B4A8-F1D0-3C9C-B792-DF324AAD4929} = {BC89B4A8-F1D0-3C9C-B792-DF324AAD4929}
		{C97A74A2-205A-382F-8377-462176ABAE87} = {C97A74A2-205A-382F-8377-462176ABAE87}
		{ABE40F1E-E672-360A-AB98-7B2527F82883} = {ABE40F1E-E672-360A-AB98-7B2527F82883}
		{1A0B03A3-D9C0-3108-A53D-49746926AF27} = {1A0B03A3-D9C0-3108-A53D-49746926AF27}
		{9AC7DBD1-FF10-3A48-A45F-EB78712EFD12} = {9AC7DBD1-FF10-3A48-A45F-EB78712EFD12}
		{C7FE512D-6F08-33C6-9EAD-D5BBBDC01F92} = {C7FE512D-6F08-33C6-9EAD-D5BBBDC01F92}
		{2566DA1C-4CC7-33C7-BD33-7728D3AFE733} = {2566DA1C-4CC7-33C7-BD33-7728D3AFE733}
	EndProjectSection
EndProject
Project("{8BC9CEB8-8B4A-11D0-8D11-00A0C91BC942}") = "SnippetConvexMeshCreate", "SnippetConvexMeshCreate.vcxproj", "{6E517ED2-FFAB-3918-817C-33BAAD356106}"
	ProjectSection(ProjectDependencies) = postProject
		{88A1F626-AC93-3EAC-8867-BD2D9DA9DDCB} = {88A1F626-AC93-3EAC-8867-BD2D9DA9DDCB}
		{F8646465-38E0-3157-BF90-4EF5C71AB21E} = {F8646465-38E0-3157-BF90-4EF5C71AB21E}
		{449E0A6B-0827-3500-848F-D65454CE9E70} = {449E0A6B-0827-3500-848F-D65454CE9E70}
		{B3634536-CA62-337E-8ECC-E73B77C954FB} = {B3634536-CA62-337E-8ECC-E73B77C954FB}
		{BC89B4A8-F1D0-3C9C-B792-DF324AAD4929} = {BC89B4A8-F1D0-3C9C-B792-DF324AAD4929}
		{C97A74A2-205A-382F-8377-462176ABAE87} = {C97A74A2-205A-382F-8377-462176ABAE87}
		{ABE40F1E-E672-360A-AB98-7B2527F82883} = {ABE40F1E-E672-360A-AB98-7B2527F82883}
		{1A0B03A3-D9C0-3108-A53D-49746926AF27} = {1A0B03A3-D9C0-3108-A53D-49746926AF27}
		{9AC7DBD1-FF10-3A48-A45F-EB78712EFD12} = {9AC7DBD1-FF10-3A48-A45F-EB78712EFD12}
		{C7FE512D-6F08-33C6-9EAD-D5BBBDC01F92} = {C7FE512D-6F08-33C6-9EAD-D5BBBDC01F92}
		{2566DA1C-4CC7-33C7-BD33-7728D3AFE733} = {2566DA1C-4CC7-33C7-BD33-7728D3AFE733}
	EndProjectSection
EndProject
Project("{8BC9CEB8-8B4A-11D0-8D11-00A0C91BC942}") = "SnippetCustomJoint", "SnippetCustomJoint.vcxproj", "{FE1C9CF6-2D76-3088-A9DF-52A7229703C2}"
	ProjectSection(ProjectDependencies) = postProject
		{88A1F626-AC93-3EAC-8867-BD2D9DA9DDCB} = {88A1F626-AC93-3EAC-8867-BD2D9DA9DDCB}
		{F8646465-38E0-3157-BF90-4EF5C71AB21E} = {F8646465-38E0-3157-BF90-4EF5C71AB21E}
		{449E0A6B-0827-3500-848F-D65454CE9E70} = {449E0A6B-0827-3500-848F-D65454CE9E70}
		{B3634536-CA62-337E-8ECC-E73B77C954FB} = {B3634536-CA62-337E-8ECC-E73B77C954FB}
		{BC89B4A8-F1D0-3C9C-B792-DF324AAD4929} = {BC89B4A8-F1D0-3C9C-B792-DF324AAD4929}
		{C97A74A2-205A-382F-8377-462176ABAE87} = {C97A74A2-205A-382F-8377-462176ABAE87}
		{ABE40F1E-E672-360A-AB98-7B2527F82883} = {ABE40F1E-E672-360A-AB98-7B2527F82883}
		{1A0B03A3-D9C0-3108-A53D-49746926AF27} = {1A0B03A3-D9C0-3108-A53D-49746926AF27}
		{9AC7DBD1-FF10-3A48-A45F-EB78712EFD12} = {9AC7DBD1-FF10-3A48-A45F-EB78712EFD12}
		{C7FE512D-6F08-33C6-9EAD-D5BBBDC01F92} = {C7FE512D-6F08-33C6-9EAD-D5BBBDC01F92}
		{2566DA1C-4CC7-33C7-BD33-7728D3AFE733} = {2566DA1C-4CC7-33C7-BD33-7728D3AFE733}
	EndProjectSection
EndProject
Project("{8BC9CEB8-8B4A-11D0-8D11-00A0C91BC942}") = "SnippetCustomProfiler", "SnippetCustomProfiler.vcxproj", "{14086E34-CD9A-3F2F-928F-015BDAE23412}"
	ProjectSection(ProjectDependencies) = postProject
		{88A1F626-AC93-3EAC-8867-BD2D9DA9DDCB} = {88A1F626-AC93-3EAC-8867-BD2D9DA9DDCB}
		{F8646465-38E0-3157-BF90-4EF5C71AB21E} = {F8646465-38E0-3157-BF90-4EF5C71AB21E}
		{449E0A6B-0827-3500-848F-D65454CE9E70} = {449E0A6B-0827-3500-848F-D65454CE9E70}
		{B3634536-CA62-337E-8ECC-E73B77C954FB} = {B3634536-CA62-337E-8ECC-E73B77C954FB}
		{BC89B4A8-F1D0-3C9C-B792-DF324AAD4929} = {BC89B4A8-F1D0-3C9C-B792-DF324AAD4929}
		{C97A74A2-205A-382F-8377-462176ABAE87} = {C97A74A2-205A-382F-8377-462176ABAE87}
		{ABE40F1E-E672-360A-AB98-7B2527F82883} = {ABE40F1E-E672-360A-AB98-7B2527F82883}
		{1A0B03A3-D9C0-3108-A53D-49746926AF27} = {1A0B03A3-D9C0-3108-A53D-49746926AF27}
		{9AC7DBD1-FF10-3A48-A45F-EB78712EFD12} = {9AC7DBD1-FF10-3A48-A45F-EB78712EFD12}
		{C7FE512D-6F08-33C6-9EAD-D5BBBDC01F92} = {C7FE512D-6F08-33C6-9EAD-D5BBBDC01F92}
		{2566DA1C-4CC7-33C7-BD33-7728D3AFE733} = {2566DA1C-4CC7-33C7-BD33-7728D3AFE733}
	EndProjectSection
EndProject
Project("{8BC9CEB8-8B4A-11D0-8D11-00A0C91BC942}") = "SnippetDeformableMesh", "SnippetDeformableMesh.vcxproj", "{985B31E0-6025-3CDD-AC6B-16F2EE5DB4B4}"
	ProjectSection(ProjectDependencies) = postProject
		{88A1F626-AC93-3EAC-8867-BD2D9DA9DDCB} = {88A1F626-AC93-3EAC-8867-BD2D9DA9DDCB}
		{F8646465-38E0-3157-BF90-4EF5C71AB21E} = {F8646465-38E0-3157-BF90-4EF5C71AB21E}
		{449E0A6B-0827-3500-848F-D65454CE9E70} = {449E0A6B-0827-3500-848F-D65454CE9E70}
		{B3634536-CA62-337E-8ECC-E73B77C954FB} = {B3634536-CA62-337E-8ECC-E73B77C954FB}
		{BC89B4A8-F1D0-3C9C-B792-DF324AAD4929} = {BC89B4A8-F1D0-3C9C-B792-DF324AAD4929}
		{C97A74A2-205A-382F-8377-462176ABAE87} = {C97A74A2-205A-382F-8377-462176ABAE87}
		{ABE40F1E-E672-360A-AB98-7B2527F82883} = {ABE40F1E-E672-360A-AB98-7B2527F82883}
		{1A0B03A3-D9C0-3108-A53D-49746926AF27} = {1A0B03A3-D9C0-3108-A53D-49746926AF27}
		{9AC7DBD1-FF10-3A48-A45F-EB78712EFD12} = {9AC7DBD1-FF10-3A48-A45F-EB78712EFD12}
		{C7FE512D-6F08-33C6-9EAD-D5BBBDC01F92} = {C7FE512D-6F08-33C6-9EAD-D5BBBDC01F92}
		{2566DA1C-4CC7-33C7-BD33-7728D3AFE733} = {2566DA1C-4CC7-33C7-BD33-7728D3AFE733}
	EndProjectSection
EndProject
Project("{8BC9CEB8-8B4A-11D0-8D11-00A0C91BC942}") = "SnippetDelayLoadHook", "SnippetDelayLoadHook.vcxproj", "{A6E0B78C-450D-373A-9A48-80F0FADC5369}"
	ProjectSection(ProjectDependencies) = postProject
		{88A1F626-AC93-3EAC-8867-BD2D9DA9DDCB} = {88A1F626-AC93-3EAC-8867-BD2D9DA9DDCB}
		{F8646465-38E0-3157-BF90-4EF5C71AB21E} = {F8646465-38E0-3157-BF90-4EF5C71AB21E}
		{449E0A6B-0827-3500-848F-D65454CE9E70} = {449E0A6B-0827-3500-848F-D65454CE9E70}
		{B3634536-CA62-337E-8ECC-E73B77C954FB} = {B3634536-CA62-337E-8ECC-E73B77C954FB}
		{BC89B4A8-F1D0-3C9C-B792-DF324AAD4929} = {BC89B4A8-F1D0-3C9C-B792-DF324AAD4929}
		{C97A74A2-205A-382F-8377-462176ABAE87} = {C97A74A2-205A-382F-8377-462176ABAE87}
		{ABE40F1E-E672-360A-AB98-7B2527F82883} = {ABE40F1E-E672-360A-AB98-7B2527F82883}
		{1A0B03A3-D9C0-3108-A53D-49746926AF27} = {1A0B03A3-D9C0-3108-A53D-49746926AF27}
		{9AC7DBD1-FF10-3A48-A45F-EB78712EFD12} = {9AC7DBD1-FF10-3A48-A45F-EB78712EFD12}
		{C7FE512D-6F08-33C6-9EAD-D5BBBDC01F92} = {C7FE512D-6F08-33C6-9EAD-D5BBBDC01F92}
		{2566DA1C-4CC7-33C7-BD33-7728D3AFE733} = {2566DA1C-4CC7-33C7-BD33-7728D3AFE733}
	EndProjectSection
EndProject
Project("{8BC9CEB8-8B4A-11D0-8D11-00A0C91BC942}") = "SnippetHelloGRB", "SnippetHelloGRB.vcxproj", "{EAE998EE-E7CD-3634-888F-EDCA32F7819A}"
	ProjectSection(ProjectDependencies) = postProject
		{88A1F626-AC93-3EAC-8867-BD2D9DA9DDCB} = {88A1F626-AC93-3EAC-8867-BD2D9DA9DDCB}
		{F8646465-38E0-3157-BF90-4EF5C71AB21E} = {F8646465-38E0-3157-BF90-4EF5C71AB21E}
		{449E0A6B-0827-3500-848F-D65454CE9E70} = {449E0A6B-0827-3500-848F-D65454CE9E70}
		{B3634536-CA62-337E-8ECC-E73B77C954FB} = {B3634536-CA62-337E-8ECC-E73B77C954FB}
		{BC89B4A8-F1D0-3C9C-B792-DF324AAD4929} = {BC89B4A8-F1D0-3C9C-B792-DF324AAD4929}
		{C97A74A2-205A-382F-8377-462176ABAE87} = {C97A74A2-205A-382F-8377-462176ABAE87}
		{ABE40F1E-E672-360A-AB98-7B2527F82883} = {ABE40F1E-E672-360A-AB98-7B2527F82883}
		{1A0B03A3-D9C0-3108-A53D-49746926AF27} = {1A0B03A3-D9C0-3108-A53D-49746926AF27}
		{9AC7DBD1-FF10-3A48-A45F-EB78712EFD12} = {9AC7DBD1-FF10-3A48-A45F-EB78712EFD12}
		{C7FE512D-6F08-33C6-9EAD-D5BBBDC01F92} = {C7FE512D-6F08-33C6-9EAD-D5BBBDC01F92}
		{2566DA1C-4CC7-33C7-BD33-7728D3AFE733} = {2566DA1C-4CC7-33C7-BD33-7728D3AFE733}
	EndProjectSection
EndProject
Project("{8BC9CEB8-8B4A-11D0-8D11-00A0C91BC942}") = "SnippetHelloWorld", "SnippetHelloWorld.vcxproj", "{AF946F7D-61B1-38CE-A11A-26DC21690853}"
	ProjectSection(ProjectDependencies) = postProject
		{88A1F626-AC93-3EAC-8867-BD2D9DA9DDCB} = {88A1F626-AC93-3EAC-8867-BD2D9DA9DDCB}
		{F8646465-38E0-3157-BF90-4EF5C71AB21E} = {F8646465-38E0-3157-BF90-4EF5C71AB21E}
		{449E0A6B-0827-3500-848F-D65454CE9E70} = {449E0A6B-0827-3500-848F-D65454CE9E70}
		{B3634536-CA62-337E-8ECC-E73B77C954FB} = {B3634536-CA62-337E-8ECC-E73B77C954FB}
		{BC89B4A8-F1D0-3C9C-B792-DF324AAD4929} = {BC89B4A8-F1D0-3C9C-B792-DF324AAD4929}
		{C97A74A2-205A-382F-8377-462176ABAE87} = {C97A74A2-205A-382F-8377-462176ABAE87}
		{ABE40F1E-E672-360A-AB98-7B2527F82883} = {ABE40F1E-E672-360A-AB98-7B2527F82883}
		{1A0B03A3-D9C0-3108-A53D-49746926AF27} = {1A0B03A3-D9C0-3108-A53D-49746926AF27}
		{9AC7DBD1-FF10-3A48-A45F-EB78712EFD12} = {9AC7DBD1-FF10-3A48-A45F-EB78712EFD12}
		{C7FE512D-6F08-33C6-9EAD-D5BBBDC01F92} = {C7FE512D-6F08-33C6-9EAD-D5BBBDC01F92}
		{2566DA1C-4CC7-33C7-BD33-7728D3AFE733} = {2566DA1C-4CC7-33C7-BD33-7728D3AFE733}
	EndProjectSection
EndProject
Project("{8BC9CEB8-8B4A-11D0-8D11-00A0C91BC942}") = "SnippetImmediateArticulation", "SnippetImmediateArticulation.vcxproj", "{3922B0DA-5811-3ECF-AFEE-223DC3CF8AC1}"
	ProjectSection(ProjectDependencies) = postProject
		{88A1F626-AC93-3EAC-8867-BD2D9DA9DDCB} = {88A1F626-AC93-3EAC-8867-BD2D9DA9DDCB}
		{F8646465-38E0-3157-BF90-4EF5C71AB21E} = {F8646465-38E0-3157-BF90-4EF5C71AB21E}
		{449E0A6B-0827-3500-848F-D65454CE9E70} = {449E0A6B-0827-3500-848F-D65454CE9E70}
		{B3634536-CA62-337E-8ECC-E73B77C954FB} = {B3634536-CA62-337E-8ECC-E73B77C954FB}
		{BC89B4A8-F1D0-3C9C-B792-DF324AAD4929} = {BC89B4A8-F1D0-3C9C-B792-DF324AAD4929}
		{C97A74A2-205A-382F-8377-462176ABAE87} = {C97A74A2-205A-382F-8377-462176ABAE87}
		{ABE40F1E-E672-360A-AB98-7B2527F82883} = {ABE40F1E-E672-360A-AB98-7B2527F82883}
		{1A0B03A3-D9C0-3108-A53D-49746926AF27} = {1A0B03A3-D9C0-3108-A53D-49746926AF27}
		{9AC7DBD1-FF10-3A48-A45F-EB78712EFD12} = {9AC7DBD1-FF10-3A48-A45F-EB78712EFD12}
		{C7FE512D-6F08-33C6-9EAD-D5BBBDC01F92} = {C7FE512D-6F08-33C6-9EAD-D5BBBDC01F92}
		{2566DA1C-4CC7-33C7-BD33-7728D3AFE733} = {2566DA1C-4CC7-33C7-BD33-7728D3AFE733}
	EndProjectSection
EndProject
Project("{8BC9CEB8-8B4A-11D0-8D11-00A0C91BC942}") = "SnippetImmediateMode", "SnippetImmediateMode.vcxproj", "{8C3C4B9B-039E-3815-837E-21E8A8A13A19}"
	ProjectSection(ProjectDependencies) = postProject
		{88A1F626-AC93-3EAC-8867-BD2D9DA9DDCB} = {88A1F626-AC93-3EAC-8867-BD2D9DA9DDCB}
		{F8646465-38E0-3157-BF90-4EF5C71AB21E} = {F8646465-38E0-3157-BF90-4EF5C71AB21E}
		{449E0A6B-0827-3500-848F-D65454CE9E70} = {449E0A6B-0827-3500-848F-D65454CE9E70}
		{B3634536-CA62-337E-8ECC-E73B77C954FB} = {B3634536-CA62-337E-8ECC-E73B77C954FB}
		{BC89B4A8-F1D0-3C9C-B792-DF324AAD4929} = {BC89B4A8-F1D0-3C9C-B792-DF324AAD4929}
		{C97A74A2-205A-382F-8377-462176ABAE87} = {C97A74A2-205A-382F-8377-462176ABAE87}
		{ABE40F1E-E672-360A-AB98-7B2527F82883} = {ABE40F1E-E672-360A-AB98-7B2527F82883}
		{1A0B03A3-D9C0-3108-A53D-49746926AF27} = {1A0B03A3-D9C0-3108-A53D-49746926AF27}
		{9AC7DBD1-FF10-3A48-A45F-EB78712EFD12} = {9AC7DBD1-FF10-3A48-A45F-EB78712EFD12}
		{C7FE512D-6F08-33C6-9EAD-D5BBBDC01F92} = {C7FE512D-6F08-33C6-9EAD-D5BBBDC01F92}
		{2566DA1C-4CC7-33C7-BD33-7728D3AFE733} = {2566DA1C-4CC7-33C7-BD33-7728D3AFE733}
	EndProjectSection
EndProject
Project("{8BC9CEB8-8B4A-11D0-8D11-00A0C91BC942}") = "SnippetJoint", "SnippetJoint.vcxproj", "{93E1DB22-FEA0-3B87-A62F-D56C3D3FFB78}"
	ProjectSection(ProjectDependencies) = postProject
		{88A1F626-AC93-3EAC-8867-BD2D9DA9DDCB} = {88A1F626-AC93-3EAC-8867-BD2D9DA9DDCB}
		{F8646465-38E0-3157-BF90-4EF5C71AB21E} = {F8646465-38E0-3157-BF90-4EF5C71AB21E}
		{449E0A6B-0827-3500-848F-D65454CE9E70} = {449E0A6B-0827-3500-848F-D65454CE9E70}
		{B3634536-CA62-337E-8ECC-E73B77C954FB} = {B3634536-CA62-337E-8ECC-E73B77C954FB}
		{BC89B4A8-F1D0-3C9C-B792-DF324AAD4929} = {BC89B4A8-F1D0-3C9C-B792-DF324AAD4929}
		{C97A74A2-205A-382F-8377-462176ABAE87} = {C97A74A2-205A-382F-8377-462176ABAE87}
		{ABE40F1E-E672-360A-AB98-7B2527F82883} = {ABE40F1E-E672-360A-AB98-7B2527F82883}
		{1A0B03A3-D9C0-3108-A53D-49746926AF27} = {1A0B03A3-D9C0-3108-A53D-49746926AF27}
		{9AC7DBD1-FF10-3A48-A45F-EB78712EFD12} = {9AC7DBD1-FF10-3A48-A45F-EB78712EFD12}
		{C7FE512D-6F08-33C6-9EAD-D5BBBDC01F92} = {C7FE512D-6F08-33C6-9EAD-D5BBBDC01F92}
		{2566DA1C-4CC7-33C7-BD33-7728D3AFE733} = {2566DA1C-4CC7-33C7-BD33-7728D3AFE733}
	EndProjectSection
EndProject
Project("{8BC9CEB8-8B4A-11D0-8D11-00A0C91BC942}") = "SnippetLoadCollection", "SnippetLoadCollection.vcxproj", "{58DFD4F6-4417-3C1A-A588-9AD8BE289CD7}"
	ProjectSection(ProjectDependencies) = postProject
		{88A1F626-AC93-3EAC-8867-BD2D9DA9DDCB} = {88A1F626-AC93-3EAC-8867-BD2D9DA9DDCB}
		{F8646465-38E0-3157-BF90-4EF5C71AB21E} = {F8646465-38E0-3157-BF90-4EF5C71AB21E}
		{449E0A6B-0827-3500-848F-D65454CE9E70} = {449E0A6B-0827-3500-848F-D65454CE9E70}
		{B3634536-CA62-337E-8ECC-E73B77C954FB} = {B3634536-CA62-337E-8ECC-E73B77C954FB}
		{BC89B4A8-F1D0-3C9C-B792-DF324AAD4929} = {BC89B4A8-F1D0-3C9C-B792-DF324AAD4929}
		{C97A74A2-205A-382F-8377-462176ABAE87} = {C97A74A2-205A-382F-8377-462176ABAE87}
		{ABE40F1E-E672-360A-AB98-7B2527F82883} = {ABE40F1E-E672-360A-AB98-7B2527F82883}
		{1A0B03A3-D9C0-3108-A53D-49746926AF27} = {1A0B03A3-D9C0-3108-A53D-49746926AF27}
		{9AC7DBD1-FF10-3A48-A45F-EB78712EFD12} = {9AC7DBD1-FF10-3A48-A45F-EB78712EFD12}
		{C7FE512D-6F08-33C6-9EAD-D5BBBDC01F92} = {C7FE512D-6F08-33C6-9EAD-D5BBBDC01F92}
		{2566DA1C-4CC7-33C7-BD33-7728D3AFE733} = {2566DA1C-4CC7-33C7-BD33-7728D3AFE733}
	EndProjectSection
EndProject
Project("{8BC9CEB8-8B4A-11D0-8D11-00A0C91BC942}") = "SnippetMBP", "SnippetMBP.vcxproj", "{0A0803E1-A36B-3576-AD6D-C4B54C393C8D}"
	ProjectSection(ProjectDependencies) = postProject
		{88A1F626-AC93-3EAC-8867-BD2D9DA9DDCB} = {88A1F626-AC93-3EAC-8867-BD2D9DA9DDCB}
		{F8646465-38E0-3157-BF90-4EF5C71AB21E} = {F8646465-38E0-3157-BF90-4EF5C71AB21E}
		{449E0A6B-0827-3500-848F-D65454CE9E70} = {449E0A6B-0827-3500-848F-D65454CE9E70}
		{B3634536-CA62-337E-8ECC-E73B77C954FB} = {B3634536-CA62-337E-8ECC-E73B77C954FB}
		{BC89B4A8-F1D0-3C9C-B792-DF324AAD4929} = {BC89B4A8-F1D0-3C9C-B792-DF324AAD4929}
		{C97A74A2-205A-382F-8377-462176ABAE87} = {C97A74A2-205A-382F-8377-462176ABAE87}
		{ABE40F1E-E672-360A-AB98-7B2527F82883} = {ABE40F1E-E672-360A-AB98-7B2527F82883}
		{1A0B03A3-D9C0-3108-A53D-49746926AF27} = {1A0B03A3-D9C0-3108-A53D-49746926AF27}
		{9AC7DBD1-FF10-3A48-A45F-EB78712EFD12} = {9AC7DBD1-FF10-3A48-A45F-EB78712EFD12}
		{C7FE512D-6F08-33C6-9EAD-D5BBBDC01F92} = {C7FE512D-6F08-33C6-9EAD-D5BBBDC01F92}
		{2566DA1C-4CC7-33C7-BD33-7728D3AFE733} = {2566DA1C-4CC7-33C7-BD33-7728D3AFE733}
	EndProjectSection
EndProject
Project("{8BC9CEB8-8B4A-11D0-8D11-00A0C91BC942}") = "SnippetMultiThreading", "SnippetMultiThreading.vcxproj", "{BD9C8E45-506D-38AA-A663-EBF7EC884B65}"
	ProjectSection(ProjectDependencies) = postProject
		{88A1F626-AC93-3EAC-8867-BD2D9DA9DDCB} = {88A1F626-AC93-3EAC-8867-BD2D9DA9DDCB}
		{F8646465-38E0-3157-BF90-4EF5C71AB21E} = {F8646465-38E0-3157-BF90-4EF5C71AB21E}
		{449E0A6B-0827-3500-848F-D65454CE9E70} = {449E0A6B-0827-3500-848F-D65454CE9E70}
		{B3634536-CA62-337E-8ECC-E73B77C954FB} = {B3634536-CA62-337E-8ECC-E73B77C954FB}
		{BC89B4A8-F1D0-3C9C-B792-DF324AAD4929} = {BC89B4A8-F1D0-3C9C-B792-DF324AAD4929}
		{C97A74A2-205A-382F-8377-462176ABAE87} = {C97A74A2-205A-382F-8377-462176ABAE87}
		{ABE40F1E-E672-360A-AB98-7B2527F82883} = {ABE40F1E-E672-360A-AB98-7B2527F82883}
		{1A0B03A3-D9C0-3108-A53D-49746926AF27} = {1A0B03A3-D9C0-3108-A53D-49746926AF27}
		{9AC7DBD1-FF10-3A48-A45F-EB78712EFD12} = {9AC7DBD1-FF10-3A48-A45F-EB78712EFD12}
		{C7FE512D-6F08-33C6-9EAD-D5BBBDC01F92} = {C7FE512D-6F08-33C6-9EAD-D5BBBDC01F92}
		{2566DA1C-4CC7-33C7-BD33-7728D3AFE733} = {2566DA1C-4CC7-33C7-BD33-7728D3AFE733}
	EndProjectSection
EndProject
Project("{8BC9CEB8-8B4A-11D0-8D11-00A0C91BC942}") = "SnippetNestedScene", "SnippetNestedScene.vcxproj", "{D2E2D7C2-D7A8-31AE-8A3D-FAF91BEE9AC0}"
	ProjectSection(ProjectDependencies) = postProject
		{88A1F626-AC93-3EAC-8867-BD2D9DA9DDCB} = {88A1F626-AC93-3EAC-8867-BD2D9DA9DDCB}
		{F8646465-38E0-3157-BF90-4EF5C71AB21E} = {F8646465-38E0-3157-BF90-4EF5C71AB21E}
		{449E0A6B-0827-3500-848F-D65454CE9E70} = {449E0A6B-0827-3500-848F-D65454CE9E70}
		{B3634536-CA62-337E-8ECC-E73B77C954FB} = {B3634536-CA62-337E-8ECC-E73B77C954FB}
		{BC89B4A8-F1D0-3C9C-B792-DF324AAD4929} = {BC89B4A8-F1D0-3C9C-B792-DF324AAD4929}
		{C97A74A2-205A-382F-8377-462176ABAE87} = {C97A74A2-205A-382F-8377-462176ABAE87}
		{ABE40F1E-E672-360A-AB98-7B2527F82883} = {ABE40F1E-E672-360A-AB98-7B2527F82883}
		{9891D5F3-0EB6-301A-9041-9468E83014D8} = {9891D5F3-0EB6-301A-9041-9468E83014D8}
		{1A0B03A3-D9C0-3108-A53D-49746926AF27} = {1A0B03A3-D9C0-3108-A53D-49746926AF27}
		{9AC7DBD1-FF10-3A48-A45F-EB78712EFD12} = {9AC7DBD1-FF10-3A48-A45F-EB78712EFD12}
		{C7FE512D-6F08-33C6-9EAD-D5BBBDC01F92} = {C7FE512D-6F08-33C6-9EAD-D5BBBDC01F92}
		{2566DA1C-4CC7-33C7-BD33-7728D3AFE733} = {2566DA1C-4CC7-33C7-BD33-7728D3AFE733}
	EndProjectSection
EndProject
Project("{8BC9CEB8-8B4A-11D0-8D11-00A0C91BC942}") = "SnippetPrunerSerialization", "SnippetPrunerSerialization.vcxproj", "{3B4F890C-702F-3962-A3F3-D048651729A7}"
	ProjectSection(ProjectDependencies) = postProject
		{88A1F626-AC93-3EAC-8867-BD2D9DA9DDCB} = {88A1F626-AC93-3EAC-8867-BD2D9DA9DDCB}
		{F8646465-38E0-3157-BF90-4EF5C71AB21E} = {F8646465-38E0-3157-BF90-4EF5C71AB21E}
		{449E0A6B-0827-3500-848F-D65454CE9E70} = {449E0A6B-0827-3500-848F-D65454CE9E70}
		{B3634536-CA62-337E-8ECC-E73B77C954FB} = {B3634536-CA62-337E-8ECC-E73B77C954FB}
		{BC89B4A8-F1D0-3C9C-B792-DF324AAD4929} = {BC89B4A8-F1D0-3C9C-B792-DF324AAD4929}
		{C97A74A2-205A-382F-8377-462176ABAE87} = {C97A74A2-205A-382F-8377-462176ABAE87}
		{ABE40F1E-E672-360A-AB98-7B2527F82883} = {ABE40F1E-E672-360A-AB98-7B2527F82883}
		{1A0B03A3-D9C0-3108-A53D-49746926AF27} = {1A0B03A3-D9C0-3108-A53D-49746926AF27}
		{9AC7DBD1-FF10-3A48-A45F-EB78712EFD12} = {9AC7DBD1-FF10-3A48-A45F-EB78712EFD12}
		{C7FE512D-6F08-33C6-9EAD-D5BBBDC01F92} = {C7FE512D-6F08-33C6-9EAD-D5BBBDC01F92}
		{2566DA1C-4CC7-33C7-BD33-7728D3AFE733} = {2566DA1C-4CC7-33C7-BD33-7728D3AFE733}
	EndProjectSection
EndProject
Project("{8BC9CEB8-8B4A-11D0-8D11-00A0C91BC942}") = "SnippetRaycastCCD", "SnippetRaycastCCD.vcxproj", "{DF3FF8AD-3A31-3B60-8763-20F1D1B197CA}"
	ProjectSection(ProjectDependencies) = postProject
		{88A1F626-AC93-3EAC-8867-BD2D9DA9DDCB} = {88A1F626-AC93-3EAC-8867-BD2D9DA9DDCB}
		{F8646465-38E0-3157-BF90-4EF5C71AB21E} = {F8646465-38E0-3157-BF90-4EF5C71AB21E}
		{449E0A6B-0827-3500-848F-D65454CE9E70} = {449E0A6B-0827-3500-848F-D65454CE9E70}
		{B3634536-CA62-337E-8ECC-E73B77C954FB} = {B3634536-CA62-337E-8ECC-E73B77C954FB}
		{BC89B4A8-F1D0-3C9C-B792-DF324AAD4929} = {BC89B4A8-F1D0-3C9C-B792-DF324AAD4929}
		{C97A74A2-205A-382F-8377-462176ABAE87} = {C97A74A2-205A-382F-8377-462176ABAE87}
		{ABE40F1E-E672-360A-AB98-7B2527F82883} = {ABE40F1E-E672-360A-AB98-7B2527F82883}
		{1A0B03A3-D9C0-3108-A53D-49746926AF27} = {1A0B03A3-D9C0-3108-A53D-49746926AF27}
		{9AC7DBD1-FF10-3A48-A45F-EB78712EFD12} = {9AC7DBD1-FF10-3A48-A45F-EB78712EFD12}
		{C7FE512D-6F08-33C6-9EAD-D5BBBDC01F92} = {C7FE512D-6F08-33C6-9EAD-D5BBBDC01F92}
		{2566DA1C-4CC7-33C7-BD33-7728D3AFE733} = {2566DA1C-4CC7-33C7-BD33-7728D3AFE733}
	EndProjectSection
EndProject
Project("{8BC9CEB8-8B4A-11D0-8D11-00A0C91BC942}") = "SnippetRender", "SnippetRender.vcxproj", "{9AC7DBD1-FF10-3A48-A45F-EB78712EFD12}"
	ProjectSection(ProjectDependencies) = postProject
		{C97A74A2-205A-382F-8377-462176ABAE87} = {C97A74A2-205A-382F-8377-462176ABAE87}
		{2566DA1C-4CC7-33C7-BD33-7728D3AFE733} = {2566DA1C-4CC7-33C7-BD33-7728D3AFE733}
	EndProjectSection
EndProject
Project("{8BC9CEB8-8B4A-11D0-8D11-00A0C91BC942}") = "SnippetSerialization", "SnippetSerialization.vcxproj", "{65DB5852-BF27-34E1-A8BC-30C566C6B350}"
	ProjectSection(ProjectDependencies) = postProject
		{88A1F626-AC93-3EAC-8867-BD2D9DA9DDCB} = {88A1F626-AC93-3EAC-8867-BD2D9DA9DDCB}
		{F8646465-38E0-3157-BF90-4EF5C71AB21E} = {F8646465-38E0-3157-BF90-4EF5C71AB21E}
		{449E0A6B-0827-3500-848F-D65454CE9E70} = {449E0A6B-0827-3500-848F-D65454CE9E70}
		{B3634536-CA62-337E-8ECC-E73B77C954FB} = {B3634536-CA62-337E-8ECC-E73B77C954FB}
		{BC89B4A8-F1D0-3C9C-B792-DF324AAD4929} = {BC89B4A8-F1D0-3C9C-B792-DF324AAD4929}
		{C97A74A2-205A-382F-8377-462176ABAE87} = {C97A74A2-205A-382F-8377-462176ABAE87}
		{ABE40F1E-E672-360A-AB98-7B2527F82883} = {ABE40F1E-E672-360A-AB98-7B2527F82883}
		{1A0B03A3-D9C0-3108-A53D-49746926AF27} = {1A0B03A3-D9C0-3108-A53D-49746926AF27}
		{9AC7DBD1-FF10-3A48-A45F-EB78712EFD12} = {9AC7DBD1-FF10-3A48-A45F-EB78712EFD12}
		{C7FE512D-6F08-33C6-9EAD-D5BBBDC01F92} = {C7FE512D-6F08-33C6-9EAD-D5BBBDC01F92}
		{2566DA1C-4CC7-33C7-BD33-7728D3AFE733} = {2566DA1C-4CC7-33C7-BD33-7728D3AFE733}
	EndProjectSection
EndProject
Project("{8BC9CEB8-8B4A-11D0-8D11-00A0C91BC942}") = "SnippetSplitFetchResults", "SnippetSplitFetchResults.vcxproj", "{5F84C247-3540-3511-B449-E1C8F1B9BE92}"
	ProjectSection(ProjectDependencies) = postProject
		{88A1F626-AC93-3EAC-8867-BD2D9DA9DDCB} = {88A1F626-AC93-3EAC-8867-BD2D9DA9DDCB}
		{F8646465-38E0-3157-BF90-4EF5C71AB21E} = {F8646465-38E0-3157-BF90-4EF5C71AB21E}
		{449E0A6B-0827-3500-848F-D65454CE9E70} = {449E0A6B-0827-3500-848F-D65454CE9E70}
		{B3634536-CA62-337E-8ECC-E73B77C954FB} = {B3634536-CA62-337E-8ECC-E73B77C954FB}
		{BC89B4A8-F1D0-3C9C-B792-DF324AAD4929} = {BC89B4A8-F1D0-3C9C-B792-DF324AAD4929}
		{C97A74A2-205A-382F-8377-462176ABAE87} = {C97A74A2-205A-382F-8377-462176ABAE87}
		{ABE40F1E-E672-360A-AB98-7B2527F82883} = {ABE40F1E-E672-360A-AB98-7B2527F82883}
		{1A0B03A3-D9C0-3108-A53D-49746926AF27} = {1A0B03A3-D9C0-3108-A53D-49746926AF27}
		{9AC7DBD1-FF10-3A48-A45F-EB78712EFD12} = {9AC7DBD1-FF10-3A48-A45F-EB78712EFD12}
		{C7FE512D-6F08-33C6-9EAD-D5BBBDC01F92} = {C7FE512D-6F08-33C6-9EAD-D5BBBDC01F92}
		{2566DA1C-4CC7-33C7-BD33-7728D3AFE733} = {2566DA1C-4CC7-33C7-BD33-7728D3AFE733}
	EndProjectSection
EndProject
Project("{8BC9CEB8-8B4A-11D0-8D11-00A0C91BC942}") = "SnippetSplitSim", "SnippetSplitSim.vcxproj", "{8F02EE17-CC91-3CFE-B76A-342854E5EE00}"
	ProjectSection(ProjectDependencies) = postProject
		{88A1F626-AC93-3EAC-8867-BD2D9DA9DDCB} = {88A1F626-AC93-3EAC-8867-BD2D9DA9DDCB}
		{F8646465-38E0-3157-BF90-4EF5C71AB21E} = {F8646465-38E0-3157-BF90-4EF5C71AB21E}
		{449E0A6B-0827-3500-848F-D65454CE9E70} = {449E0A6B-0827-3500-848F-D65454CE9E70}
		{B3634536-CA62-337E-8ECC-E73B77C954FB} = {B3634536-CA62-337E-8ECC-E73B77C954FB}
		{BC89B4A8-F1D0-3C9C-B792-DF324AAD4929} = {BC89B4A8-F1D0-3C9C-B792-DF324AAD4929}
		{C97A74A2-205A-382F-8377-462176ABAE87} = {C97A74A2-205A-382F-8377-462176ABAE87}
		{ABE40F1E-E672-360A-AB98-7B2527F82883} = {ABE40F1E-E672-360A-AB98-7B2527F82883}
		{1A0B03A3-D9C0-3108-A53D-49746926AF27} = {1A0B03A3-D9C0-3108-A53D-49746926AF27}
		{9AC7DBD1-FF10-3A48-A45F-EB78712EFD12} = {9AC7DBD1-FF10-3A48-A45F-EB78712EFD12}
		{C7FE512D-6F08-33C6-9EAD-D5BBBDC01F92} = {C7FE512D-6F08-33C6-9EAD-D5BBBDC01F92}
		{2566DA1C-4CC7-33C7-BD33-7728D3AFE733} = {2566DA1C-4CC7-33C7-BD33-7728D3AFE733}
	EndProjectSection
EndProject
Project("{8BC9CEB8-8B4A-11D0-8D11-00A0C91BC942}") = "SnippetStepper", "SnippetStepper.vcxproj", "{06F8ED68-5535-375D-9491-34E5D1C880C1}"
	ProjectSection(ProjectDependencies) = postProject
		{88A1F626-AC93-3EAC-8867-BD2D9DA9DDCB} = {88A1F626-AC93-3EAC-8867-BD2D9DA9DDCB}
		{F8646465-38E0-3157-BF90-4EF5C71AB21E} = {F8646465-38E0-3157-BF90-4EF5C71AB21E}
		{449E0A6B-0827-3500-848F-D65454CE9E70} = {449E0A6B-0827-3500-848F-D65454CE9E70}
		{B3634536-CA62-337E-8ECC-E73B77C954FB} = {B3634536-CA62-337E-8ECC-E73B77C954FB}
		{BC89B4A8-F1D0-3C9C-B792-DF324AAD4929} = {BC89B4A8-F1D0-3C9C-B792-DF324AAD4929}
		{C97A74A2-205A-382F-8377-462176ABAE87} = {C97A74A2-205A-382F-8377-462176ABAE87}
		{ABE40F1E-E672-360A-AB98-7B2527F82883} = {ABE40F1E-E672-360A-AB98-7B2527F82883}
		{1A0B03A3-D9C0-3108-A53D-49746926AF27} = {1A0B03A3-D9C0-3108-A53D-49746926AF27}
		{9AC7DBD1-FF10-3A48-A45F-EB78712EFD12} = {9AC7DBD1-FF10-3A48-A45F-EB78712EFD12}
		{C7FE512D-6F08-33C6-9EAD-D5BBBDC01F92} = {C7FE512D-6F08-33C6-9EAD-D5BBBDC01F92}
		{2566DA1C-4CC7-33C7-BD33-7728D3AFE733} = {2566DA1C-4CC7-33C7-BD33-7728D3AFE733}
	EndProjectSection
EndProject
Project("{8BC9CEB8-8B4A-11D0-8D11-00A0C91BC942}") = "SnippetToleranceScale", "SnippetToleranceScale.vcxproj", "{A3879119-2C23-389C-AEFF-C2DBE852E4A7}"
	ProjectSection(ProjectDependencies) = postProject
		{88A1F626-AC93-3EAC-8867-BD2D9DA9DDCB} = {88A1F626-AC93-3EAC-8867-BD2D9DA9DDCB}
		{F8646465-38E0-3157-BF90-4EF5C71AB21E} = {F8646465-38E0-3157-BF90-4EF5C71AB21E}
		{449E0A6B-0827-3500-848F-D65454CE9E70} = {449E0A6B-0827-3500-848F-D65454CE9E70}
		{B3634536-CA62-337E-8ECC-E73B77C954FB} = {B3634536-CA62-337E-8ECC-E73B77C954FB}
		{BC89B4A8-F1D0-3C9C-B792-DF324AAD4929} = {BC89B4A8-F1D0-3C9C-B792-DF324AAD4929}
		{C97A74A2-205A-382F-8377-462176ABAE87} = {C97A74A2-205A-382F-8377-462176ABAE87}
		{ABE40F1E-E672-360A-AB98-7B2527F82883} = {ABE40F1E-E672-360A-AB98-7B2527F82883}
		{1A0B03A3-D9C0-3108-A53D-49746926AF27} = {1A0B03A3-D9C0-3108-A53D-49746926AF27}
		{9AC7DBD1-FF10-3A48-A45F-EB78712EFD12} = {9AC7DBD1-FF10-3A48-A45F-EB78712EFD12}
		{C7FE512D-6F08-33C6-9EAD-D5BBBDC01F92} = {C7FE512D-6F08-33C6-9EAD-D5BBBDC01F92}
		{2566DA1C-4CC7-33C7-BD33-7728D3AFE733} = {2566DA1C-4CC7-33C7-BD33-7728D3AFE733}
	EndProjectSection
EndProject
Project("{8BC9CEB8-8B4A-11D0-8D11-00A0C91BC942}") = "SnippetTriangleMeshCreate", "SnippetTriangleMeshCreate.vcxproj", "{E6BA06D9-1352-3177-BC8E-E18CB1F605CB}"
	ProjectSection(ProjectDependencies) = postProject
		{88A1F626-AC93-3EAC-8867-BD2D9DA9DDCB} = {88A1F626-AC93-3EAC-8867-BD2D9DA9DDCB}
		{F8646465-38E0-3157-BF90-4EF5C71AB21E} = {F8646465-38E0-3157-BF90-4EF5C71AB21E}
		{449E0A6B-0827-3500-848F-D65454CE9E70} = {449E0A6B-0827-3500-848F-D65454CE9E70}
		{B3634536-CA62-337E-8ECC-E73B77C954FB} = {B3634536-CA62-337E-8ECC-E73B77C954FB}
		{BC89B4A8-F1D0-3C9C-B792-DF324AAD4929} = {BC89B4A8-F1D0-3C9C-B792-DF324AAD4929}
		{C97A74A2-205A-382F-8377-462176ABAE87} = {C97A74A2-205A-382F-8377-462176ABAE87}
		{ABE40F1E-E672-360A-AB98-7B2527F82883} = {ABE40F1E-E672-360A-AB98-7B2527F82883}
		{1A0B03A3-D9C0-3108-A53D-49746926AF27} = {1A0B03A3-D9C0-3108-A53D-49746926AF27}
		{9AC7DBD1-FF10-3A48-A45F-EB78712EFD12} = {9AC7DBD1-FF10-3A48-A45F-EB78712EFD12}
		{C7FE512D-6F08-33C6-9EAD-D5BBBDC01F92} = {C7FE512D-6F08-33C6-9EAD-D5BBBDC01F92}
		{2566DA1C-4CC7-33C7-BD33-7728D3AFE733} = {2566DA1C-4CC7-33C7-BD33-7728D3AFE733}
	EndProjectSection
EndProject
Project("{8BC9CEB8-8B4A-11D0-8D11-00A0C91BC942}") = "SnippetTriggers", "SnippetTriggers.vcxproj", "{841CEE62-71EC-3497-ADB3-3BE786123D3E}"
	ProjectSection(ProjectDependencies) = postProject
		{88A1F626-AC93-3EAC-8867-BD2D9DA9DDCB} = {88A1F626-AC93-3EAC-8867-BD2D9DA9DDCB}
		{F8646465-38E0-3157-BF90-4EF5C71AB21E} = {F8646465-38E0-3157-BF90-4EF5C71AB21E}
		{449E0A6B-0827-3500-848F-D65454CE9E70} = {449E0A6B-0827-3500-848F-D65454CE9E70}
		{B3634536-CA62-337E-8ECC-E73B77C954FB} = {B3634536-CA62-337E-8ECC-E73B77C954FB}
		{BC89B4A8-F1D0-3C9C-B792-DF324AAD4929} = {BC89B4A8-F1D0-3C9C-B792-DF324AAD4929}
		{C97A74A2-205A-382F-8377-462176ABAE87} = {C97A74A2-205A-382F-8377-462176ABAE87}
		{ABE40F1E-E672-360A-AB98-7B2527F82883} = {ABE40F1E-E672-360A-AB98-7B2527F82883}
		{1A0B03A3-D9C0-3108-A53D-49746926AF27} = {1A0B03A3-D9C0-3108-A53D-49746926AF27}
		{9AC7DBD1-FF10-3A48-A45F-EB78712EFD12} = {9AC7DBD1-FF10-3A48-A45F-EB78712EFD12}
		{C7FE512D-6F08-33C6-9EAD-D5BBBDC01F92} = {C7FE512D-6F08-33C6-9EAD-D5BBBDC01F92}
		{2566DA1C-4CC7-33C7-BD33-7728D3AFE733} = {2566DA1C-4CC7-33C7-BD33-7728D3AFE733}
	EndProjectSection
EndProject
Project("{8BC9CEB8-8B4A-11D0-8D11-00A0C91BC942}") = "SnippetUtils", "SnippetUtils.vcxproj", "{C7FE512D-6F08-33C6-9EAD-D5BBBDC01F92}"
	ProjectSection(ProjectDependencies) = postProject
		{C97A74A2-205A-382F-8377-462176ABAE87} = {C97A74A2-205A-382F-8377-462176ABAE87}
		{2566DA1C-4CC7-33C7-BD33-7728D3AFE733} = {2566DA1C-4CC7-33C7-BD33-7728D3AFE733}
	EndProjectSection
EndProject
Project("{8BC9CEB8-8B4A-11D0-8D11-00A0C91BC942}") = "SnippetVehicle4W", "SnippetVehicle4W.vcxproj", "{1492BD6B-0E83-36B2-A771-B3068AA959AC}"
	ProjectSection(ProjectDependencies) = postProject
		{88A1F626-AC93-3EAC-8867-BD2D9DA9DDCB} = {88A1F626-AC93-3EAC-8867-BD2D9DA9DDCB}
		{F8646465-38E0-3157-BF90-4EF5C71AB21E} = {F8646465-38E0-3157-BF90-4EF5C71AB21E}
		{449E0A6B-0827-3500-848F-D65454CE9E70} = {449E0A6B-0827-3500-848F-D65454CE9E70}
		{B3634536-CA62-337E-8ECC-E73B77C954FB} = {B3634536-CA62-337E-8ECC-E73B77C954FB}
		{BC89B4A8-F1D0-3C9C-B792-DF324AAD4929} = {BC89B4A8-F1D0-3C9C-B792-DF324AAD4929}
		{C97A74A2-205A-382F-8377-462176ABAE87} = {C97A74A2-205A-382F-8377-462176ABAE87}
		{ABE40F1E-E672-360A-AB98-7B2527F82883} = {ABE40F1E-E672-360A-AB98-7B2527F82883}
		{9891D5F3-0EB6-301A-9041-9468E83014D8} = {9891D5F3-0EB6-301A-9041-9468E83014D8}
		{1A0B03A3-D9C0-3108-A53D-49746926AF27} = {1A0B03A3-D9C0-3108-A53D-49746926AF27}
		{9AC7DBD1-FF10-3A48-A45F-EB78712EFD12} = {9AC7DBD1-FF10-3A48-A45F-EB78712EFD12}
		{C7FE512D-6F08-33C6-9EAD-D5BBBDC01F92} = {C7FE512D-6F08-33C6-9EAD-D5BBBDC01F92}
		{2566DA1C-4CC7-33C7-BD33-7728D3AFE733} = {2566DA1C-4CC7-33C7-BD33-7728D3AFE733}
	EndProjectSection
EndProject
Project("{8BC9CEB8-8B4A-11D0-8D11-00A0C91BC942}") = "SnippetVehicleContactMod", "SnippetVehicleContactMod.vcxproj", "{7A04A1CD-F9EA-3CF2-B6E4-3A37B3D192D8}"
	ProjectSection(ProjectDependencies) = postProject
		{88A1F626-AC93-3EAC-8867-BD2D9DA9DDCB} = {88A1F626-AC93-3EAC-8867-BD2D9DA9DDCB}
		{F8646465-38E0-3157-BF90-4EF5C71AB21E} = {F8646465-38E0-3157-BF90-4EF5C71AB21E}
		{449E0A6B-0827-3500-848F-D65454CE9E70} = {449E0A6B-0827-3500-848F-D65454CE9E70}
		{B3634536-CA62-337E-8ECC-E73B77C954FB} = {B3634536-CA62-337E-8ECC-E73B77C954FB}
		{BC89B4A8-F1D0-3C9C-B792-DF324AAD4929} = {BC89B4A8-F1D0-3C9C-B792-DF324AAD4929}
		{C97A74A2-205A-382F-8377-462176ABAE87} = {C97A74A2-205A-382F-8377-462176ABAE87}
		{ABE40F1E-E672-360A-AB98-7B2527F82883} = {ABE40F1E-E672-360A-AB98-7B2527F82883}
		{9891D5F3-0EB6-301A-9041-9468E83014D8} = {9891D5F3-0EB6-301A-9041-9468E83014D8}
		{1A0B03A3-D9C0-3108-A53D-49746926AF27} = {1A0B03A3-D9C0-3108-A53D-49746926AF27}
		{9AC7DBD1-FF10-3A48-A45F-EB78712EFD12} = {9AC7DBD1-FF10-3A48-A45F-EB78712EFD12}
		{C7FE512D-6F08-33C6-9EAD-D5BBBDC01F92} = {C7FE512D-6F08-33C6-9EAD-D5BBBDC01F92}
		{2566DA1C-4CC7-33C7-BD33-7728D3AFE733} = {2566DA1C-4CC7-33C7-BD33-7728D3AFE733}
	EndProjectSection
EndProject
Project("{8BC9CEB8-8B4A-11D0-8D11-00A0C91BC942}") = "SnippetVehicleMultiThreading", "SnippetVehicleMultiThreading.vcxproj", "{0255956F-62F7-3995-A253-9B7677A41C18}"
	ProjectSection(ProjectDependencies) = postProject
		{88A1F626-AC93-3EAC-8867-BD2D9DA9DDCB} = {88A1F626-AC93-3EAC-8867-BD2D9DA9DDCB}
		{F8646465-38E0-3157-BF90-4EF5C71AB21E} = {F8646465-38E0-3157-BF90-4EF5C71AB21E}
		{449E0A6B-0827-3500-848F-D65454CE9E70} = {449E0A6B-0827-3500-848F-D65454CE9E70}
		{B3634536-CA62-337E-8ECC-E73B77C954FB} = {B3634536-CA62-337E-8ECC-E73B77C954FB}
		{BC89B4A8-F1D0-3C9C-B792-DF324AAD4929} = {BC89B4A8-F1D0-3C9C-B792-DF324AAD4929}
		{C97A74A2-205A-382F-8377-462176ABAE87} = {C97A74A2-205A-382F-8377-462176ABAE87}
		{ABE40F1E-E672-360A-AB98-7B2527F82883} = {ABE40F1E-E672-360A-AB98-7B2527F82883}
		{9891D5F3-0EB6-301A-9041-9468E83014D8} = {9891D5F3-0EB6-301A-9041-9468E83014D8}
		{1A0B03A3-D9C0-3108-A53D-49746926AF27} = {1A0B03A3-D9C0-3108-A53D-49746926AF27}
		{9AC7DBD1-FF10-3A48-A45F-EB78712EFD12} = {9AC7DBD1-FF10-3A48-A45F-EB78712EFD12}
		{C7FE512D-6F08-33C6-9EAD-D5BBBDC01F92} = {C7FE512D-6F08-33C6-9EAD-D5BBBDC01F92}
		{2566DA1C-4CC7-33C7-BD33-7728D3AFE733} = {2566DA1C-4CC7-33C7-BD33-7728D3AFE733}
	EndProjectSection
EndProject
Project("{8BC9CEB8-8B4A-11D0-8D11-00A0C91BC942}") = "SnippetVehicleNoDrive", "SnippetVehicleNoDrive.vcxproj", "{7DF95D57-38D3-3F3E-84B7-E05EA55E558B}"
	ProjectSection(ProjectDependencies) = postProject
		{88A1F626-AC93-3EAC-8867-BD2D9DA9DDCB} = {88A1F626-AC93-3EAC-8867-BD2D9DA9DDCB}
		{F8646465-38E0-3157-BF90-4EF5C71AB21E} = {F8646465-38E0-3157-BF90-4EF5C71AB21E}
		{449E0A6B-0827-3500-848F-D65454CE9E70} = {449E0A6B-0827-3500-848F-D65454CE9E70}
		{B3634536-CA62-337E-8ECC-E73B77C954FB} = {B3634536-CA62-337E-8ECC-E73B77C954FB}
		{BC89B4A8-F1D0-3C9C-B792-DF324AAD4929} = {BC89B4A8-F1D0-3C9C-B792-DF324AAD4929}
		{C97A74A2-205A-382F-8377-462176ABAE87} = {C97A74A2-205A-382F-8377-462176ABAE87}
		{ABE40F1E-E672-360A-AB98-7B2527F82883} = {ABE40F1E-E672-360A-AB98-7B2527F82883}
		{9891D5F3-0EB6-301A-9041-9468E83014D8} = {9891D5F3-0EB6-301A-9041-9468E83014D8}
		{1A0B03A3-D9C0-3108-A53D-49746926AF27} = {1A0B03A3-D9C0-3108-A53D-49746926AF27}
		{9AC7DBD1-FF10-3A48-A45F-EB78712EFD12} = {9AC7DBD1-FF10-3A48-A45F-EB78712EFD12}
		{C7FE512D-6F08-33C6-9EAD-D5BBBDC01F92} = {C7FE512D-6F08-33C6-9EAD-D5BBBDC01F92}
		{2566DA1C-4CC7-33C7-BD33-7728D3AFE733} = {2566DA1C-4CC7-33C7-BD33-7728D3AFE733}
	EndProjectSection
EndProject
Project("{8BC9CEB8-8B4A-11D0-8D11-00A0C91BC942}") = "SnippetVehicleScale", "SnippetVehicleScale.vcxproj", "{3DED8F23-B9A3-33C4-9D49-9AACA1FF6239}"
	ProjectSection(ProjectDependencies) = postProject
		{88A1F626-AC93-3EAC-8867-BD2D9DA9DDCB} = {88A1F626-AC93-3EAC-8867-BD2D9DA9DDCB}
		{F8646465-38E0-3157-BF90-4EF5C71AB21E} = {F8646465-38E0-3157-BF90-4EF5C71AB21E}
		{449E0A6B-0827-3500-848F-D65454CE9E70} = {449E0A6B-0827-3500-848F-D65454CE9E70}
		{B3634536-CA62-337E-8ECC-E73B77C954FB} = {B3634536-CA62-337E-8ECC-E73B77C954FB}
		{BC89B4A8-F1D0-3C9C-B792-DF324AAD4929} = {BC89B4A8-F1D0-3C9C-B792-DF324AAD4929}
		{C97A74A2-205A-382F-8377-462176ABAE87} = {C97A74A2-205A-382F-8377-462176ABAE87}
		{ABE40F1E-E672-360A-AB98-7B2527F82883} = {ABE40F1E-E672-360A-AB98-7B2527F82883}
		{9891D5F3-0EB6-301A-9041-9468E83014D8} = {9891D5F3-0EB6-301A-9041-9468E83014D8}
		{1A0B03A3-D9C0-3108-A53D-49746926AF27} = {1A0B03A3-D9C0-3108-A53D-49746926AF27}
		{9AC7DBD1-FF10-3A48-A45F-EB78712EFD12} = {9AC7DBD1-FF10-3A48-A45F-EB78712EFD12}
		{C7FE512D-6F08-33C6-9EAD-D5BBBDC01F92} = {C7FE512D-6F08-33C6-9EAD-D5BBBDC01F92}
		{2566DA1C-4CC7-33C7-BD33-7728D3AFE733} = {2566DA1C-4CC7-33C7-BD33-7728D3AFE733}
	EndProjectSection
EndProject
Project("{8BC9CEB8-8B4A-11D0-8D11-00A0C91BC942}") = "SnippetVehicleTank", "SnippetVehicleTank.vcxproj", "{1A9F9C46-E4BA-3F6B-BDCD-EF62E1251B1E}"
	ProjectSection(ProjectDependencies) = postProject
		{88A1F626-AC93-3EAC-8867-BD2D9DA9DDCB} = {88A1F626-AC93-3EAC-8867-BD2D9DA9DDCB}
		{F8646465-38E0-3157-BF90-4EF5C71AB21E} = {F8646465-38E0-3157-BF90-4EF5C71AB21E}
		{449E0A6B-0827-3500-848F-D65454CE9E70} = {449E0A6B-0827-3500-848F-D65454CE9E70}
		{B3634536-CA62-337E-8ECC-E73B77C954FB} = {B3634536-CA62-337E-8ECC-E73B77C954FB}
		{BC89B4A8-F1D0-3C9C-B792-DF324AAD4929} = {BC89B4A8-F1D0-3C9C-B792-DF324AAD4929}
		{C97A74A2-205A-382F-8377-462176ABAE87} = {C97A74A2-205A-382F-8377-462176ABAE87}
		{ABE40F1E-E672-360A-AB98-7B2527F82883} = {ABE40F1E-E672-360A-AB98-7B2527F82883}
		{9891D5F3-0EB6-301A-9041-9468E83014D8} = {9891D5F3-0EB6-301A-9041-9468E83014D8}
		{1A0B03A3-D9C0-3108-A53D-49746926AF27} = {1A0B03A3-D9C0-3108-A53D-49746926AF27}
		{9AC7DBD1-FF10-3A48-A45F-EB78712EFD12} = {9AC7DBD1-FF10-3A48-A45F-EB78712EFD12}
		{C7FE512D-6F08-33C6-9EAD-D5BBBDC01F92} = {C7FE512D-6F08-33C6-9EAD-D5BBBDC01F92}
		{2566DA1C-4CC7-33C7-BD33-7728D3AFE733} = {2566DA1C-4CC7-33C7-BD33-7728D3AFE733}
	EndProjectSection
EndProject
Project("{8BC9CEB8-8B4A-11D0-8D11-00A0C91BC942}") = "ZERO_CHECK", "..\\ZERO_CHECK.vcxproj", "{2566DA1C-4CC7-33C7-BD33-7728D3AFE733}"
	ProjectSection(ProjectDependencies) = postProject
	EndProjectSection
EndProject
Global
	GlobalSection(SolutionConfigurationPlatforms) = preSolution
		debug|x64 = debug|x64
		checked|x64 = checked|x64
		profile|x64 = profile|x64
		release|x64 = release|x64
	EndGlobalSection
	GlobalSection(ProjectConfigurationPlatforms) = postSolution
		{1706A4D8-D719-3C8B-B536-F7E552D83607}.debug|x64.ActiveCfg = debug|x64
		{1706A4D8-D719-3C8B-B536-F7E552D83607}.debug|x64.Build.0 = debug|x64
		{1706A4D8-D719-3C8B-B536-F7E552D83607}.checked|x64.ActiveCfg = checked|x64
		{1706A4D8-D719-3C8B-B536-F7E552D83607}.checked|x64.Build.0 = checked|x64
		{1706A4D8-D719-3C8B-B536-F7E552D83607}.profile|x64.ActiveCfg = profile|x64
		{1706A4D8-D719-3C8B-B536-F7E552D83607}.profile|x64.Build.0 = profile|x64
		{1706A4D8-D719-3C8B-B536-F7E552D83607}.release|x64.ActiveCfg = release|x64
		{1706A4D8-D719-3C8B-B536-F7E552D83607}.release|x64.Build.0 = release|x64
		{4419EB5F-794F-3852-8B60-AA0A0A5B0477}.debug|x64.ActiveCfg = debug|x64
		{4419EB5F-794F-3852-8B60-AA0A0A5B0477}.debug|x64.Build.0 = debug|x64
		{4419EB5F-794F-3852-8B60-AA0A0A5B0477}.checked|x64.ActiveCfg = checked|x64
		{4419EB5F-794F-3852-8B60-AA0A0A5B0477}.checked|x64.Build.0 = checked|x64
		{4419EB5F-794F-3852-8B60-AA0A0A5B0477}.profile|x64.ActiveCfg = profile|x64
		{4419EB5F-794F-3852-8B60-AA0A0A5B0477}.profile|x64.Build.0 = profile|x64
		{4419EB5F-794F-3852-8B60-AA0A0A5B0477}.release|x64.ActiveCfg = release|x64
		{4419EB5F-794F-3852-8B60-AA0A0A5B0477}.release|x64.Build.0 = release|x64
		{15ECF938-3637-3324-AFC1-5B5D64B87370}.debug|x64.ActiveCfg = debug|x64
		{15ECF938-3637-3324-AFC1-5B5D64B87370}.checked|x64.ActiveCfg = checked|x64
		{15ECF938-3637-3324-AFC1-5B5D64B87370}.profile|x64.ActiveCfg = profile|x64
		{15ECF938-3637-3324-AFC1-5B5D64B87370}.release|x64.ActiveCfg = release|x64
		{ADC75279-EFB0-3455-BB48-77F69B251348}.debug|x64.ActiveCfg = debug|x64
		{ADC75279-EFB0-3455-BB48-77F69B251348}.debug|x64.Build.0 = debug|x64
		{ADC75279-EFB0-3455-BB48-77F69B251348}.checked|x64.ActiveCfg = checked|x64
		{ADC75279-EFB0-3455-BB48-77F69B251348}.checked|x64.Build.0 = checked|x64
		{ADC75279-EFB0-3455-BB48-77F69B251348}.profile|x64.ActiveCfg = profile|x64
		{ADC75279-EFB0-3455-BB48-77F69B251348}.profile|x64.Build.0 = profile|x64
		{ADC75279-EFB0-3455-BB48-77F69B251348}.release|x64.ActiveCfg = release|x64
		{ADC75279-EFB0-3455-BB48-77F69B251348}.release|x64.Build.0 = release|x64
		{7F6CCBF7-A5D6-3631-A9E2-1F94E6740223}.debug|x64.ActiveCfg = debug|x64
		{7F6CCBF7-A5D6-3631-A9E2-1F94E6740223}.debug|x64.Build.0 = debug|x64
		{7F6CCBF7-A5D6-3631-A9E2-1F94E6740223}.checked|x64.ActiveCfg = checked|x64
		{7F6CCBF7-A5D6-3631-A9E2-1F94E6740223}.checked|x64.Build.0 = checked|x64
		{7F6CCBF7-A5D6-3631-A9E2-1F94E6740223}.profile|x64.ActiveCfg = profile|x64
		{7F6CCBF7-A5D6-3631-A9E2-1F94E6740223}.profile|x64.Build.0 = profile|x64
		{7F6CCBF7-A5D6-3631-A9E2-1F94E6740223}.release|x64.ActiveCfg = release|x64
		{7F6CCBF7-A5D6-3631-A9E2-1F94E6740223}.release|x64.Build.0 = release|x64
		{69B6F804-E023-30C0-8112-39438778CB3B}.debug|x64.ActiveCfg = debug|x64
		{69B6F804-E023-30C0-8112-39438778CB3B}.debug|x64.Build.0 = debug|x64
		{69B6F804-E023-30C0-8112-39438778CB3B}.checked|x64.ActiveCfg = checked|x64
		{69B6F804-E023-30C0-8112-39438778CB3B}.checked|x64.Build.0 = checked|x64
		{69B6F804-E023-30C0-8112-39438778CB3B}.profile|x64.ActiveCfg = profile|x64
		{69B6F804-E023-30C0-8112-39438778CB3B}.profile|x64.Build.0 = profile|x64
		{69B6F804-E023-30C0-8112-39438778CB3B}.release|x64.ActiveCfg = release|x64
		{69B6F804-E023-30C0-8112-39438778CB3B}.release|x64.Build.0 = release|x64
		{88A1F626-AC93-3EAC-8867-BD2D9DA9DDCB}.debug|x64.ActiveCfg = debug|x64
		{88A1F626-AC93-3EAC-8867-BD2D9DA9DDCB}.debug|x64.Build.0 = debug|x64
		{88A1F626-AC93-3EAC-8867-BD2D9DA9DDCB}.checked|x64.ActiveCfg = checked|x64
		{88A1F626-AC93-3EAC-8867-BD2D9DA9DDCB}.checked|x64.Build.0 = checked|x64
		{88A1F626-AC93-3EAC-8867-BD2D9DA9DDCB}.profile|x64.ActiveCfg = profile|x64
		{88A1F626-AC93-3EAC-8867-BD2D9DA9DDCB}.profile|x64.Build.0 = profile|x64
		{88A1F626-AC93-3EAC-8867-BD2D9DA9DDCB}.release|x64.ActiveCfg = release|x64
		{88A1F626-AC93-3EAC-8867-BD2D9DA9DDCB}.release|x64.Build.0 = release|x64
		{F8646465-38E0-3157-BF90-4EF5C71AB21E}.debug|x64.ActiveCfg = debug|x64
		{F8646465-38E0-3157-BF90-4EF5C71AB21E}.debug|x64.Build.0 = debug|x64
		{F8646465-38E0-3157-BF90-4EF5C71AB21E}.checked|x64.ActiveCfg = checked|x64
		{F8646465-38E0-3157-BF90-4EF5C71AB21E}.checked|x64.Build.0 = checked|x64
		{F8646465-38E0-3157-BF90-4EF5C71AB21E}.profile|x64.ActiveCfg = profile|x64
		{F8646465-38E0-3157-BF90-4EF5C71AB21E}.profile|x64.Build.0 = profile|x64
		{F8646465-38E0-3157-BF90-4EF5C71AB21E}.release|x64.ActiveCfg = release|x64
		{F8646465-38E0-3157-BF90-4EF5C71AB21E}.release|x64.Build.0 = release|x64
		{449E0A6B-0827-3500-848F-D65454CE9E70}.debug|x64.ActiveCfg = debug|x64
		{449E0A6B-0827-3500-848F-D65454CE9E70}.debug|x64.Build.0 = debug|x64
		{449E0A6B-0827-3500-848F-D65454CE9E70}.checked|x64.ActiveCfg = checked|x64
		{449E0A6B-0827-3500-848F-D65454CE9E70}.checked|x64.Build.0 = checked|x64
		{449E0A6B-0827-3500-848F-D65454CE9E70}.profile|x64.ActiveCfg = profile|x64
		{449E0A6B-0827-3500-848F-D65454CE9E70}.profile|x64.Build.0 = profile|x64
		{449E0A6B-0827-3500-848F-D65454CE9E70}.release|x64.ActiveCfg = release|x64
		{449E0A6B-0827-3500-848F-D65454CE9E70}.release|x64.Build.0 = release|x64
		{B3634536-CA62-337E-8ECC-E73B77C954FB}.debug|x64.ActiveCfg = debug|x64
		{B3634536-CA62-337E-8ECC-E73B77C954FB}.debug|x64.Build.0 = debug|x64
		{B3634536-CA62-337E-8ECC-E73B77C954FB}.checked|x64.ActiveCfg = checked|x64
		{B3634536-CA62-337E-8ECC-E73B77C954FB}.checked|x64.Build.0 = checked|x64
		{B3634536-CA62-337E-8ECC-E73B77C954FB}.profile|x64.ActiveCfg = profile|x64
		{B3634536-CA62-337E-8ECC-E73B77C954FB}.profile|x64.Build.0 = profile|x64
		{B3634536-CA62-337E-8ECC-E73B77C954FB}.release|x64.ActiveCfg = release|x64
		{B3634536-CA62-337E-8ECC-E73B77C954FB}.release|x64.Build.0 = release|x64
		{BC89B4A8-F1D0-3C9C-B792-DF324AAD4929}.debug|x64.ActiveCfg = debug|x64
		{BC89B4A8-F1D0-3C9C-B792-DF324AAD4929}.debug|x64.Build.0 = debug|x64
		{BC89B4A8-F1D0-3C9C-B792-DF324AAD4929}.checked|x64.ActiveCfg = checked|x64
		{BC89B4A8-F1D0-3C9C-B792-DF324AAD4929}.checked|x64.Build.0 = checked|x64
		{BC89B4A8-F1D0-3C9C-B792-DF324AAD4929}.profile|x64.ActiveCfg = profile|x64
		{BC89B4A8-F1D0-3C9C-B792-DF324AAD4929}.profile|x64.Build.0 = profile|x64
		{BC89B4A8-F1D0-3C9C-B792-DF324AAD4929}.release|x64.ActiveCfg = release|x64
		{BC89B4A8-F1D0-3C9C-B792-DF324AAD4929}.release|x64.Build.0 = release|x64
		{C97A74A2-205A-382F-8377-462176ABAE87}.debug|x64.ActiveCfg = debug|x64
		{C97A74A2-205A-382F-8377-462176ABAE87}.debug|x64.Build.0 = debug|x64
		{C97A74A2-205A-382F-8377-462176ABAE87}.checked|x64.ActiveCfg = checked|x64
		{C97A74A2-205A-382F-8377-462176ABAE87}.checked|x64.Build.0 = checked|x64
		{C97A74A2-205A-382F-8377-462176ABAE87}.profile|x64.ActiveCfg = profile|x64
		{C97A74A2-205A-382F-8377-462176ABAE87}.profile|x64.Build.0 = profile|x64
		{C97A74A2-205A-382F-8377-462176ABAE87}.release|x64.ActiveCfg = release|x64
		{C97A74A2-205A-382F-8377-462176ABAE87}.release|x64.Build.0 = release|x64
		{ABE40F1E-E672-360A-AB98-7B2527F82883}.debug|x64.ActiveCfg = debug|x64
		{ABE40F1E-E672-360A-AB98-7B2527F82883}.debug|x64.Build.0 = debug|x64
		{ABE40F1E-E672-360A-AB98-7B2527F82883}.checked|x64.ActiveCfg = checked|x64
		{ABE40F1E-E672-360A-AB98-7B2527F82883}.checked|x64.Build.0 = checked|x64
		{ABE40F1E-E672-360A-AB98-7B2527F82883}.profile|x64.ActiveCfg = profile|x64
		{ABE40F1E-E672-360A-AB98-7B2527F82883}.profile|x64.Build.0 = profile|x64
		{ABE40F1E-E672-360A-AB98-7B2527F82883}.release|x64.ActiveCfg = release|x64
		{ABE40F1E-E672-360A-AB98-7B2527F82883}.release|x64.Build.0 = release|x64
		{9891D5F3-0EB6-301A-9041-9468E83014D8}.debug|x64.ActiveCfg = debug|x64
		{9891D5F3-0EB6-301A-9041-9468E83014D8}.debug|x64.Build.0 = debug|x64
		{9891D5F3-0EB6-301A-9041-9468E83014D8}.checked|x64.ActiveCfg = checked|x64
		{9891D5F3-0EB6-301A-9041-9468E83014D8}.checked|x64.Build.0 = checked|x64
		{9891D5F3-0EB6-301A-9041-9468E83014D8}.profile|x64.ActiveCfg = profile|x64
		{9891D5F3-0EB6-301A-9041-9468E83014D8}.profile|x64.Build.0 = profile|x64
		{9891D5F3-0EB6-301A-9041-9468E83014D8}.release|x64.ActiveCfg = release|x64
		{9891D5F3-0EB6-301A-9041-9468E83014D8}.release|x64.Build.0 = release|x64
		{1A0B03A3-D9C0-3108-A53D-49746926AF27}.debug|x64.ActiveCfg = debug|x64
		{1A0B03A3-D9C0-3108-A53D-49746926AF27}.debug|x64.Build.0 = debug|x64
		{1A0B03A3-D9C0-3108-A53D-49746926AF27}.checked|x64.ActiveCfg = checked|x64
		{1A0B03A3-D9C0-3108-A53D-49746926AF27}.checked|x64.Build.0 = checked|x64
		{1A0B03A3-D9C0-3108-A53D-49746926AF27}.profile|x64.ActiveCfg = profile|x64
		{1A0B03A3-D9C0-3108-A53D-49746926AF27}.profile|x64.Build.0 = profile|x64
		{1A0B03A3-D9C0-3108-A53D-49746926AF27}.release|x64.ActiveCfg = release|x64
		{1A0B03A3-D9C0-3108-A53D-49746926AF27}.release|x64.Build.0 = release|x64
		{877996C9-D960-3EF4-BD21-5D0D6C19FC18}.debug|x64.ActiveCfg = debug|x64
		{877996C9-D960-3EF4-BD21-5D0D6C19FC18}.debug|x64.Build.0 = debug|x64
		{877996C9-D960-3EF4-BD21-5D0D6C19FC18}.checked|x64.ActiveCfg = checked|x64
		{877996C9-D960-3EF4-BD21-5D0D6C19FC18}.checked|x64.Build.0 = checked|x64
		{877996C9-D960-3EF4-BD21-5D0D6C19FC18}.profile|x64.ActiveCfg = profile|x64
		{877996C9-D960-3EF4-BD21-5D0D6C19FC18}.profile|x64.Build.0 = profile|x64
		{877996C9-D960-3EF4-BD21-5D0D6C19FC18}.release|x64.ActiveCfg = release|x64
		{877996C9-D960-3EF4-BD21-5D0D6C19FC18}.release|x64.Build.0 = release|x64
		{269B9496-FA2D-338B-A0B6-79F88F35FC4E}.debug|x64.ActiveCfg = debug|x64
		{269B9496-FA2D-338B-A0B6-79F88F35FC4E}.debug|x64.Build.0 = debug|x64
		{269B9496-FA2D-338B-A0B6-79F88F35FC4E}.checked|x64.ActiveCfg = checked|x64
		{269B9496-FA2D-338B-A0B6-79F88F35FC4E}.checked|x64.Build.0 = checked|x64
		{269B9496-FA2D-338B-A0B6-79F88F35FC4E}.profile|x64.ActiveCfg = profile|x64
		{269B9496-FA2D-338B-A0B6-79F88F35FC4E}.profile|x64.Build.0 = profile|x64
		{269B9496-FA2D-338B-A0B6-79F88F35FC4E}.release|x64.ActiveCfg = release|x64
		{269B9496-FA2D-338B-A0B6-79F88F35FC4E}.release|x64.Build.0 = release|x64
		{C846D018-D41D-3C7B-B5BB-F1E4B4D3A983}.debug|x64.ActiveCfg = debug|x64
		{C846D018-D41D-3C7B-B5BB-F1E4B4D3A983}.debug|x64.Build.0 = debug|x64
		{C846D018-D41D-3C7B-B5BB-F1E4B4D3A983}.checked|x64.ActiveCfg = checked|x64
		{C846D018-D41D-3C7B-B5BB-F1E4B4D3A983}.checked|x64.Build.0 = checked|x64
		{C846D018-D41D-3C7B-B5BB-F1E4B4D3A983}.profile|x64.ActiveCfg = profile|x64
		{C846D018-D41D-3C7B-B5BB-F1E4B4D3A983}.profile|x64.Build.0 = profile|x64
		{C846D018-D41D-3C7B-B5BB-F1E4B4D3A983}.release|x64.ActiveCfg = release|x64
		{C846D018-D41D-3C7B-B5BB-F1E4B4D3A983}.release|x64.Build.0 = release|x64
		{A204FECB-AB7F-3E3B-8530-02B890472041}.debug|x64.ActiveCfg = debug|x64
		{A204FECB-AB7F-3E3B-8530-02B890472041}.debug|x64.Build.0 = debug|x64
		{A204FECB-AB7F-3E3B-8530-02B890472041}.checked|x64.ActiveCfg = checked|x64
		{A204FECB-AB7F-3E3B-8530-02B890472041}.checked|x64.Build.0 = checked|x64
		{A204FECB-AB7F-3E3B-8530-02B890472041}.profile|x64.ActiveCfg = profile|x64
		{A204FECB-AB7F-3E3B-8530-02B890472041}.profile|x64.Build.0 = profile|x64
		{A204FECB-AB7F-3E3B-8530-02B890472041}.release|x64.ActiveCfg = release|x64
		{A204FECB-AB7F-3E3B-8530-02B890472041}.release|x64.Build.0 = release|x64
		{392ED110-E221-383E-8BAF-0BD536A976C2}.debug|x64.ActiveCfg = debug|x64
		{392ED110-E221-383E-8BAF-0BD536A976C2}.debug|x64.Build.0 = debug|x64
		{392ED110-E221-383E-8BAF-0BD536A976C2}.checked|x64.ActiveCfg = checked|x64
		{392ED110-E221-383E-8BAF-0BD536A976C2}.checked|x64.Build.0 = checked|x64
		{392ED110-E221-383E-8BAF-0BD536A976C2}.profile|x64.ActiveCfg = profile|x64
		{392ED110-E221-383E-8BAF-0BD536A976C2}.profile|x64.Build.0 = profile|x64
		{392ED110-E221-383E-8BAF-0BD536A976C2}.release|x64.ActiveCfg = release|x64
		{392ED110-E221-383E-8BAF-0BD536A976C2}.release|x64.Build.0 = release|x64
		{457523DC-B822-36AA-B456-F37EB087EC4B}.debug|x64.ActiveCfg = debug|x64
		{457523DC-B822-36AA-B456-F37EB087EC4B}.debug|x64.Build.0 = debug|x64
		{457523DC-B822-36AA-B456-F37EB087EC4B}.checked|x64.ActiveCfg = checked|x64
		{457523DC-B822-36AA-B456-F37EB087EC4B}.checked|x64.Build.0 = checked|x64
		{457523DC-B822-36AA-B456-F37EB087EC4B}.profile|x64.ActiveCfg = profile|x64
		{457523DC-B822-36AA-B456-F37EB087EC4B}.profile|x64.Build.0 = profile|x64
		{457523DC-B822-36AA-B456-F37EB087EC4B}.release|x64.ActiveCfg = release|x64
		{457523DC-B822-36AA-B456-F37EB087EC4B}.release|x64.Build.0 = release|x64
		{4F9EE9AE-5404-3640-AF2D-3D750D55FE64}.debug|x64.ActiveCfg = debug|x64
		{4F9EE9AE-5404-3640-AF2D-3D750D55FE64}.debug|x64.Build.0 = debug|x64
		{4F9EE9AE-5404-3640-AF2D-3D750D55FE64}.checked|x64.ActiveCfg = checked|x64
		{4F9EE9AE-5404-3640-AF2D-3D750D55FE64}.checked|x64.Build.0 = checked|x64
		{4F9EE9AE-5404-3640-AF2D-3D750D55FE64}.profile|x64.ActiveCfg = profile|x64
		{4F9EE9AE-5404-3640-AF2D-3D750D55FE64}.profile|x64.Build.0 = profile|x64
		{4F9EE9AE-5404-3640-AF2D-3D750D55FE64}.release|x64.ActiveCfg = release|x64
		{4F9EE9AE-5404-3640-AF2D-3D750D55FE64}.release|x64.Build.0 = release|x64
		{F81D7B8F-74FA-3751-8700-A63CD82AC313}.debug|x64.ActiveCfg = debug|x64
		{F81D7B8F-74FA-3751-8700-A63CD82AC313}.debug|x64.Build.0 = debug|x64
		{F81D7B8F-74FA-3751-8700-A63CD82AC313}.checked|x64.ActiveCfg = checked|x64
		{F81D7B8F-74FA-3751-8700-A63CD82AC313}.checked|x64.Build.0 = checked|x64
		{F81D7B8F-74FA-3751-8700-A63CD82AC313}.profile|x64.ActiveCfg = profile|x64
		{F81D7B8F-74FA-3751-8700-A63CD82AC313}.profile|x64.Build.0 = profile|x64
		{F81D7B8F-74FA-3751-8700-A63CD82AC313}.release|x64.ActiveCfg = release|x64
		{F81D7B8F-74FA-3751-8700-A63CD82AC313}.release|x64.Build.0 = release|x64
		{6E517ED2-FFAB-3918-817C-33BAAD356106}.debug|x64.ActiveCfg = debug|x64
		{6E517ED2-FFAB-3918-817C-33BAAD356106}.debug|x64.Build.0 = debug|x64
		{6E517ED2-FFAB-3918-817C-33BAAD356106}.checked|x64.ActiveCfg = checked|x64
		{6E517ED2-FFAB-3918-817C-33BAAD356106}.checked|x64.Build.0 = checked|x64
		{6E517ED2-FFAB-3918-817C-33BAAD356106}.profile|x64.ActiveCfg = profile|x64
		{6E517ED2-FFAB-3918-817C-33BAAD356106}.profile|x64.Build.0 = profile|x64
		{6E517ED2-FFAB-3918-817C-33BAAD356106}.release|x64.ActiveCfg = release|x64
		{6E517ED2-FFAB-3918-817C-33BAAD356106}.release|x64.Build.0 = release|x64
		{FE1C9CF6-2D76-3088-A9DF-52A7229703C2}.debug|x64.ActiveCfg = debug|x64
		{FE1C9CF6-2D76-3088-A9DF-52A7229703C2}.debug|x64.Build.0 = debug|x64
		{FE1C9CF6-2D76-3088-A9DF-52A7229703C2}.checked|x64.ActiveCfg = checked|x64
		{FE1C9CF6-2D76-3088-A9DF-52A7229703C2}.checked|x64.Build.0 = checked|x64
		{FE1C9CF6-2D76-3088-A9DF-52A7229703C2}.profile|x64.ActiveCfg = profile|x64
		{FE1C9CF6-2D76-3088-A9DF-52A7229703C2}.profile|x64.Build.0 = profile|x64
		{FE1C9CF6-2D76-3088-A9DF-52A7229703C2}.release|x64.ActiveCfg = release|x64
		{FE1C9CF6-2D76-3088-A9DF-52A7229703C2}.release|x64.Build.0 = release|x64
		{14086E34-CD9A-3F2F-928F-015BDAE23412}.debug|x64.ActiveCfg = debug|x64
		{14086E34-CD9A-3F2F-928F-015BDAE23412}.debug|x64.Build.0 = debug|x64
		{14086E34-CD9A-3F2F-928F-015BDAE23412}.checked|x64.ActiveCfg = checked|x64
		{14086E34-CD9A-3F2F-928F-015BDAE23412}.checked|x64.Build.0 = checked|x64
		{14086E34-CD9A-3F2F-928F-015BDAE23412}.profile|x64.ActiveCfg = profile|x64
		{14086E34-CD9A-3F2F-928F-015BDAE23412}.profile|x64.Build.0 = profile|x64
		{14086E34-CD9A-3F2F-928F-015BDAE23412}.release|x64.ActiveCfg = release|x64
		{14086E34-CD9A-3F2F-928F-015BDAE23412}.release|x64.Build.0 = release|x64
		{985B31E0-6025-3CDD-AC6B-16F2EE5DB4B4}.debug|x64.ActiveCfg = debug|x64
		{985B31E0-6025-3CDD-AC6B-16F2EE5DB4B4}.debug|x64.Build.0 = debug|x64
		{985B31E0-6025-3CDD-AC6B-16F2EE5DB4B4}.checked|x64.ActiveCfg = checked|x64
		{985B31E0-6025-3CDD-AC6B-16F2EE5DB4B4}.checked|x64.Build.0 = checked|x64
		{985B31E0-6025-3CDD-AC6B-16F2EE5DB4B4}.profile|x64.ActiveCfg = profile|x64
		{985B31E0-6025-3CDD-AC6B-16F2EE5DB4B4}.profile|x64.Build.0 = profile|x64
		{985B31E0-6025-3CDD-AC6B-16F2EE5DB4B4}.release|x64.ActiveCfg = release|x64
		{985B31E0-6025-3CDD-AC6B-16F2EE5DB4B4}.release|x64.Build.0 = release|x64
		{A6E0B78C-450D-373A-9A48-80F0FADC5369}.debug|x64.ActiveCfg = debug|x64
		{A6E0B78C-450D-373A-9A48-80F0FADC5369}.debug|x64.Build.0 = debug|x64
		{A6E0B78C-450D-373A-9A48-80F0FADC5369}.checked|x64.ActiveCfg = checked|x64
		{A6E0B78C-450D-373A-9A48-80F0FADC5369}.checked|x64.Build.0 = checked|x64
		{A6E0B78C-450D-373A-9A48-80F0FADC5369}.profile|x64.ActiveCfg = profile|x64
		{A6E0B78C-450D-373A-9A48-80F0FADC5369}.profile|x64.Build.0 = profile|x64
		{A6E0B78C-450D-373A-9A48-80F0FADC5369}.release|x64.ActiveCfg = release|x64
		{A6E0B78C-450D-373A-9A48-80F0FADC5369}.release|x64.Build.0 = release|x64
		{EAE998EE-E7CD-3634-888F-EDCA32F7819A}.debug|x64.ActiveCfg = debug|x64
		{EAE998EE-E7CD-3634-888F-EDCA32F7819A}.debug|x64.Build.0 = debug|x64
		{EAE998EE-E7CD-3634-888F-EDCA32F7819A}.checked|x64.ActiveCfg = checked|x64
		{EAE998EE-E7CD-3634-888F-EDCA32F7819A}.checked|x64.Build.0 = checked|x64
		{EAE998EE-E7CD-3634-888F-EDCA32F7819A}.profile|x64.ActiveCfg = profile|x64
		{EAE998EE-E7CD-3634-888F-EDCA32F7819A}.profile|x64.Build.0 = profile|x64
		{EAE998EE-E7CD-3634-888F-EDCA32F7819A}.release|x64.ActiveCfg = release|x64
		{EAE998EE-E7CD-3634-888F-EDCA32F7819A}.release|x64.Build.0 = release|x64
		{AF946F7D-61B1-38CE-A11A-26DC21690853}.debug|x64.ActiveCfg = debug|x64
		{AF946F7D-61B1-38CE-A11A-26DC21690853}.debug|x64.Build.0 = debug|x64
		{AF946F7D-61B1-38CE-A11A-26DC21690853}.checked|x64.ActiveCfg = checked|x64
		{AF946F7D-61B1-38CE-A11A-26DC21690853}.checked|x64.Build.0 = checked|x64
		{AF946F7D-61B1-38CE-A11A-26DC21690853}.profile|x64.ActiveCfg = profile|x64
		{AF946F7D-61B1-38CE-A11A-26DC21690853}.profile|x64.Build.0 = profile|x64
		{AF946F7D-61B1-38CE-A11A-26DC21690853}.release|x64.ActiveCfg = release|x64
		{AF946F7D-61B1-38CE-A11A-26DC21690853}.release|x64.Build.0 = release|x64
		{3922B0DA-5811-3ECF-AFEE-223DC3CF8AC1}.debug|x64.ActiveCfg = debug|x64
		{3922B0DA-5811-3ECF-AFEE-223DC3CF8AC1}.debug|x64.Build.0 = debug|x64
		{3922B0DA-5811-3ECF-AFEE-223DC3CF8AC1}.checked|x64.ActiveCfg = checked|x64
		{3922B0DA-5811-3ECF-AFEE-223DC3CF8AC1}.checked|x64.Build.0 = checked|x64
		{3922B0DA-5811-3ECF-AFEE-223DC3CF8AC1}.profile|x64.ActiveCfg = profile|x64
		{3922B0DA-5811-3ECF-AFEE-223DC3CF8AC1}.profile|x64.Build.0 = profile|x64
		{3922B0DA-5811-3ECF-AFEE-223DC3CF8AC1}.release|x64.ActiveCfg = release|x64
		{3922B0DA-5811-3ECF-AFEE-223DC3CF8AC1}.release|x64.Build.0 = release|x64
		{8C3C4B9B-039E-3815-837E-21E8A8A13A19}.debug|x64.ActiveCfg = debug|x64
		{8C3C4B9B-039E-3815-837E-21E8A8A13A19}.debug|x64.Build.0 = debug|x64
		{8C3C4B9B-039E-3815-837E-21E8A8A13A19}.checked|x64.ActiveCfg = checked|x64
		{8C3C4B9B-039E-3815-837E-21E8A8A13A19}.checked|x64.Build.0 = checked|x64
		{8C3C4B9B-039E-3815-837E-21E8A8A13A19}.profile|x64.ActiveCfg = profile|x64
		{8C3C4B9B-039E-3815-837E-21E8A8A13A19}.profile|x64.Build.0 = profile|x64
		{8C3C4B9B-039E-3815-837E-21E8A8A13A19}.release|x64.ActiveCfg = release|x64
		{8C3C4B9B-039E-3815-837E-21E8A8A13A19}.release|x64.Build.0 = release|x64
		{93E1DB22-FEA0-3B87-A62F-D56C3D3FFB78}.debug|x64.ActiveCfg = debug|x64
		{93E1DB22-FEA0-3B87-A62F-D56C3D3FFB78}.debug|x64.Build.0 = debug|x64
		{93E1DB22-FEA0-3B87-A62F-D56C3D3FFB78}.checked|x64.ActiveCfg = checked|x64
		{93E1DB22-FEA0-3B87-A62F-D56C3D3FFB78}.checked|x64.Build.0 = checked|x64
		{93E1DB22-FEA0-3B87-A62F-D56C3D3FFB78}.profile|x64.ActiveCfg = profile|x64
		{93E1DB22-FEA0-3B87-A62F-D56C3D3FFB78}.profile|x64.Build.0 = profile|x64
		{93E1DB22-FEA0-3B87-A62F-D56C3D3FFB78}.release|x64.ActiveCfg = release|x64
		{93E1DB22-FEA0-3B87-A62F-D56C3D3FFB78}.release|x64.Build.0 = release|x64
		{58DFD4F6-4417-3C1A-A588-9AD8BE289CD7}.debug|x64.ActiveCfg = debug|x64
		{58DFD4F6-4417-3C1A-A588-9AD8BE289CD7}.debug|x64.Build.0 = debug|x64
		{58DFD4F6-4417-3C1A-A588-9AD8BE289CD7}.checked|x64.ActiveCfg = checked|x64
		{58DFD4F6-4417-3C1A-A588-9AD8BE289CD7}.checked|x64.Build.0 = checked|x64
		{58DFD4F6-4417-3C1A-A588-9AD8BE289CD7}.profile|x64.ActiveCfg = profile|x64
		{58DFD4F6-4417-3C1A-A588-9AD8BE289CD7}.profile|x64.Build.0 = profile|x64
		{58DFD4F6-4417-3C1A-A588-9AD8BE289CD7}.release|x64.ActiveCfg = release|x64
		{58DFD4F6-4417-3C1A-A588-9AD8BE289CD7}.release|x64.Build.0 = release|x64
		{0A0803E1-A36B-3576-AD6D-C4B54C393C8D}.debug|x64.ActiveCfg = debug|x64
		{0A0803E1-A36B-3576-AD6D-C4B54C393C8D}.debug|x64.Build.0 = debug|x64
		{0A0803E1-A36B-3576-AD6D-C4B54C393C8D}.checked|x64.ActiveCfg = checked|x64
		{0A0803E1-A36B-3576-AD6D-C4B54C393C8D}.checked|x64.Build.0 = checked|x64
		{0A0803E1-A36B-3576-AD6D-C4B54C393C8D}.profile|x64.ActiveCfg = profile|x64
		{0A0803E1-A36B-3576-AD6D-C4B54C393C8D}.profile|x64.Build.0 = profile|x64
		{0A0803E1-A36B-3576-AD6D-C4B54C393C8D}.release|x64.ActiveCfg = release|x64
		{0A0803E1-A36B-3576-AD6D-C4B54C393C8D}.release|x64.Build.0 = release|x64
		{BD9C8E45-506D-38AA-A663-EBF7EC884B65}.debug|x64.ActiveCfg = debug|x64
		{BD9C8E45-506D-38AA-A663-EBF7EC884B65}.debug|x64.Build.0 = debug|x64
		{BD9C8E45-506D-38AA-A663-EBF7EC884B65}.checked|x64.ActiveCfg = checked|x64
		{BD9C8E45-506D-38AA-A663-EBF7EC884B65}.checked|x64.Build.0 = checked|x64
		{BD9C8E45-506D-38AA-A663-EBF7EC884B65}.profile|x64.ActiveCfg = profile|x64
		{BD9C8E45-506D-38AA-A663-EBF7EC884B65}.profile|x64.Build.0 = profile|x64
		{BD9C8E45-506D-38AA-A663-EBF7EC884B65}.release|x64.ActiveCfg = release|x64
		{BD9C8E45-506D-38AA-A663-EBF7EC884B65}.release|x64.Build.0 = release|x64
		{D2E2D7C2-D7A8-31AE-8A3D-FAF91BEE9AC0}.debug|x64.ActiveCfg = debug|x64
		{D2E2D7C2-D7A8-31AE-8A3D-FAF91BEE9AC0}.debug|x64.Build.0 = debug|x64
		{D2E2D7C2-D7A8-31AE-8A3D-FAF91BEE9AC0}.checked|x64.ActiveCfg = checked|x64
		{D2E2D7C2-D7A8-31AE-8A3D-FAF91BEE9AC0}.checked|x64.Build.0 = checked|x64
		{D2E2D7C2-D7A8-31AE-8A3D-FAF91BEE9AC0}.profile|x64.ActiveCfg = profile|x64
		{D2E2D7C2-D7A8-31AE-8A3D-FAF91BEE9AC0}.profile|x64.Build.0 = profile|x64
		{D2E2D7C2-D7A8-31AE-8A3D-FAF91BEE9AC0}.release|x64.ActiveCfg = release|x64
		{D2E2D7C2-D7A8-31AE-8A3D-FAF91BEE9AC0}.release|x64.Build.0 = release|x64
		{3B4F890C-702F-3962-A3F3-D048651729A7}.debug|x64.ActiveCfg = debug|x64
		{3B4F890C-702F-3962-A3F3-D048651729A7}.debug|x64.Build.0 = debug|x64
		{3B4F890C-702F-3962-A3F3-D048651729A7}.checked|x64.ActiveCfg = checked|x64
		{3B4F890C-702F-3962-A3F3-D048651729A7}.checked|x64.Build.0 = checked|x64
		{3B4F890C-702F-3962-A3F3-D048651729A7}.profile|x64.ActiveCfg = profile|x64
		{3B4F890C-702F-3962-A3F3-D048651729A7}.profile|x64.Build.0 = profile|x64
		{3B4F890C-702F-3962-A3F3-D048651729A7}.release|x64.ActiveCfg = release|x64
		{3B4F890C-702F-3962-A3F3-D048651729A7}.release|x64.Build.0 = release|x64
		{DF3FF8AD-3A31-3B60-8763-20F1D1B197CA}.debug|x64.ActiveCfg = debug|x64
		{DF3FF8AD-3A31-3B60-8763-20F1D1B197CA}.debug|x64.Build.0 = debug|x64
		{DF3FF8AD-3A31-3B60-8763-20F1D1B197CA}.checked|x64.ActiveCfg = checked|x64
		{DF3FF8AD-3A31-3B60-8763-20F1D1B197CA}.checked|x64.Build.0 = checked|x64
		{DF3FF8AD-3A31-3B60-8763-20F1D1B197CA}.profile|x64.ActiveCfg = profile|x64
		{DF3FF8AD-3A31-3B60-8763-20F1D1B197CA}.profile|x64.Build.0 = profile|x64
		{DF3FF8AD-3A31-3B60-8763-20F1D1B197CA}.release|x64.ActiveCfg = release|x64
		{DF3FF8AD-3A31-3B60-8763-20F1D1B197CA}.release|x64.Build.0 = release|x64
		{9AC7DBD1-FF10-3A48-A45F-EB78712EFD12}.debug|x64.ActiveCfg = debug|x64
		{9AC7DBD1-FF10-3A48-A45F-EB78712EFD12}.debug|x64.Build.0 = debug|x64
		{9AC7DBD1-FF10-3A48-A45F-EB78712EFD12}.checked|x64.ActiveCfg = checked|x64
		{9AC7DBD1-FF10-3A48-A45F-EB78712EFD12}.checked|x64.Build.0 = checked|x64
		{9AC7DBD1-FF10-3A48-A45F-EB78712EFD12}.profile|x64.ActiveCfg = profile|x64
		{9AC7DBD1-FF10-3A48-A45F-EB78712EFD12}.profile|x64.Build.0 = profile|x64
		{9AC7DBD1-FF10-3A48-A45F-EB78712EFD12}.release|x64.ActiveCfg = release|x64
		{9AC7DBD1-FF10-3A48-A45F-EB78712EFD12}.release|x64.Build.0 = release|x64
		{65DB5852-BF27-34E1-A8BC-30C566C6B350}.debug|x64.ActiveCfg = debug|x64
		{65DB5852-BF27-34E1-A8BC-30C566C6B350}.debug|x64.Build.0 = debug|x64
		{65DB5852-BF27-34E1-A8BC-30C566C6B350}.checked|x64.ActiveCfg = checked|x64
		{65DB5852-BF27-34E1-A8BC-30C566C6B350}.checked|x64.Build.0 = checked|x64
		{65DB5852-BF27-34E1-A8BC-30C566C6B350}.profile|x64.ActiveCfg = profile|x64
		{65DB5852-BF27-34E1-A8BC-30C566C6B350}.profile|x64.Build.0 = profile|x64
		{65DB5852-BF27-34E1-A8BC-30C566C6B350}.release|x64.ActiveCfg = release|x64
		{65DB5852-BF27-34E1-A8BC-30C566C6B350}.release|x64.Build.0 = release|x64
		{5F84C247-3540-3511-B449-E1C8F1B9BE92}.debug|x64.ActiveCfg = debug|x64
		{5F84C247-3540-3511-B449-E1C8F1B9BE92}.debug|x64.Build.0 = debug|x64
		{5F84C247-3540-3511-B449-E1C8F1B9BE92}.checked|x64.ActiveCfg = checked|x64
		{5F84C247-3540-3511-B449-E1C8F1B9BE92}.checked|x64.Build.0 = checked|x64
		{5F84C247-3540-3511-B449-E1C8F1B9BE92}.profile|x64.ActiveCfg = profile|x64
		{5F84C247-3540-3511-B449-E1C8F1B9BE92}.profile|x64.Build.0 = profile|x64
		{5F84C247-3540-3511-B449-E1C8F1B9BE92}.release|x64.ActiveCfg = release|x64
		{5F84C247-3540-3511-B449-E1C8F1B9BE92}.release|x64.Build.0 = release|x64
		{8F02EE17-CC91-3CFE-B76A-342854E5EE00}.debug|x64.ActiveCfg = debug|x64
		{8F02EE17-CC91-3CFE-B76A-342854E5EE00}.debug|x64.Build.0 = debug|x64
		{8F02EE17-CC91-3CFE-B76A-342854E5EE00}.checked|x64.ActiveCfg = checked|x64
		{8F02EE17-CC91-3CFE-B76A-342854E5EE00}.checked|x64.Build.0 = checked|x64
		{8F02EE17-CC91-3CFE-B76A-342854E5EE00}.profile|x64.ActiveCfg = profile|x64
		{8F02EE17-CC91-3CFE-B76A-342854E5EE00}.profile|x64.Build.0 = profile|x64
		{8F02EE17-CC91-3CFE-B76A-342854E5EE00}.release|x64.ActiveCfg = release|x64
		{8F02EE17-CC91-3CFE-B76A-342854E5EE00}.release|x64.Build.0 = release|x64
		{06F8ED68-5535-375D-9491-34E5D1C880C1}.debug|x64.ActiveCfg = debug|x64
		{06F8ED68-5535-375D-9491-34E5D1C880C1}.debug|x64.Build.0 = debug|x64
		{06F8ED68-5535-375D-9491-34E5D1C880C1}.checked|x64.ActiveCfg = checked|x64
		{06F8ED68-5535-375D-9491-34E5D1C880C1}.checked|x64.Build.0 = checked|x64
		{06F8ED68-5535-375D-9491-34E5D1C880C1}.profile|x64.ActiveCfg = profile|x64
		{06F8ED68-5535-375D-9491-34E5D1C880C1}.profile|x64.Build.0 = profile|x64
		{06F8ED68-5535-375D-9491-34E5D1C880C1}.release|x64.ActiveCfg = release|x64
		{06F8ED68-5535-375D-9491-34E5D1C880C1}.release|x64.Build.0 = release|x64
		{A3879119-2C23-389C-AEFF-C2DBE852E4A7}.debug|x64.ActiveCfg = debug|x64
		{A3879119-2C23-389C-AEFF-C2DBE852E4A7}.debug|x64.Build.0 = debug|x64
		{A3879119-2C23-389C-AEFF-C2DBE852E4A7}.checked|x64.ActiveCfg = checked|x64
		{A3879119-2C23-389C-AEFF-C2DBE852E4A7}.checked|x64.Build.0 = checked|x64
		{A3879119-2C23-389C-AEFF-C2DBE852E4A7}.profile|x64.ActiveCfg = profile|x64
		{A3879119-2C23-389C-AEFF-C2DBE852E4A7}.profile|x64.Build.0 = profile|x64
		{A3879119-2C23-389C-AEFF-C2DBE852E4A7}.release|x64.ActiveCfg = release|x64
		{A3879119-2C23-389C-AEFF-C2DBE852E4A7}.release|x64.Build.0 = release|x64
		{E6BA06D9-1352-3177-BC8E-E18CB1F605CB}.debug|x64.ActiveCfg = debug|x64
		{E6BA06D9-1352-3177-BC8E-E18CB1F605CB}.debug|x64.Build.0 = debug|x64
		{E6BA06D9-1352-3177-BC8E-E18CB1F605CB}.checked|x64.ActiveCfg = checked|x64
		{E6BA06D9-1352-3177-BC8E-E18CB1F605CB}.checked|x64.Build.0 = checked|x64
		{E6BA06D9-1352-3177-BC8E-E18CB1F605CB}.profile|x64.ActiveCfg = profile|x64
		{E6BA06D9-1352-3177-BC8E-E18CB1F605CB}.profile|x64.Build.0 = profile|x64
		{E6BA06D9-1352-3177-BC8E-E18CB1F605CB}.release|x64.ActiveCfg = release|x64
		{E6BA06D9-1352-3177-BC8E-E18CB1F605CB}.release|x64.Build.0 = release|x64
		{841CEE62-71EC-3497-ADB3-3BE786123D3E}.debug|x64.ActiveCfg = debug|x64
		{841CEE62-71EC-3497-ADB3-3BE786123D3E}.debug|x64.Build.0 = debug|x64
		{841CEE62-71EC-3497-ADB3-3BE786123D3E}.checked|x64.ActiveCfg = checked|x64
		{841CEE62-71EC-3497-ADB3-3BE786123D3E}.checked|x64.Build.0 = checked|x64
		{841CEE62-71EC-3497-ADB3-3BE786123D3E}.profile|x64.ActiveCfg = profile|x64
		{841CEE62-71EC-3497-ADB3-3BE786123D3E}.profile|x64.Build.0 = profile|x64
		{841CEE62-71EC-3497-ADB3-3BE786123D3E}.release|x64.ActiveCfg = release|x64
		{841CEE62-71EC-3497-ADB3-3BE786123D3E}.release|x64.Build.0 = release|x64
		{C7FE512D-6F08-33C6-9EAD-D5BBBDC01F92}.debug|x64.ActiveCfg = debug|x64
		{C7FE512D-6F08-33C6-9EAD-D5BBBDC01F92}.debug|x64.Build.0 = debug|x64
		{C7FE512D-6F08-33C6-9EAD-D5BBBDC01F92}.checked|x64.ActiveCfg = checked|x64
		{C7FE512D-6F08-33C6-9EAD-D5BBBDC01F92}.checked|x64.Build.0 = checked|x64
		{C7FE512D-6F08-33C6-9EAD-D5BBBDC01F92}.profile|x64.ActiveCfg = profile|x64
		{C7FE512D-6F08-33C6-9EAD-D5BBBDC01F92}.profile|x64.Build.0 = profile|x64
		{C7FE512D-6F08-33C6-9EAD-D5BBBDC01F92}.release|x64.ActiveCfg = release|x64
		{C7FE512D-6F08-33C6-9EAD-D5BBBDC01F92}.release|x64.Build.0 = release|x64
		{1492BD6B-0E83-36B2-A771-B3068AA959AC}.debug|x64.ActiveCfg = debug|x64
		{1492BD6B-0E83-36B2-A771-B3068AA959AC}.debug|x64.Build.0 = debug|x64
		{1492BD6B-0E83-36B2-A771-B3068AA959AC}.checked|x64.ActiveCfg = checked|x64
		{1492BD6B-0E83-36B2-A771-B3068AA959AC}.checked|x64.Build.0 = checked|x64
		{1492BD6B-0E83-36B2-A771-B3068AA959AC}.profile|x64.ActiveCfg = profile|x64
		{1492BD6B-0E83-36B2-A771-B3068AA959AC}.profile|x64.Build.0 = profile|x64
		{1492BD6B-0E83-36B2-A771-B3068AA959AC}.release|x64.ActiveCfg = release|x64
		{1492BD6B-0E83-36B2-A771-B3068AA959AC}.release|x64.Build.0 = release|x64
		{7A04A1CD-F9EA-3CF2-B6E4-3A37B3D192D8}.debug|x64.ActiveCfg = debug|x64
		{7A04A1CD-F9EA-3CF2-B6E4-3A37B3D192D8}.debug|x64.Build.0 = debug|x64
		{7A04A1CD-F9EA-3CF2-B6E4-3A37B3D192D8}.checked|x64.ActiveCfg = checked|x64
		{7A04A1CD-F9EA-3CF2-B6E4-3A37B3D192D8}.checked|x64.Build.0 = checked|x64
		{7A04A1CD-F9EA-3CF2-B6E4-3A37B3D192D8}.profile|x64.ActiveCfg = profile|x64
		{7A04A1CD-F9EA-3CF2-B6E4-3A37B3D192D8}.profile|x64.Build.0 = profile|x64
		{7A04A1CD-F9EA-3CF2-B6E4-3A37B3D192D8}.release|x64.ActiveCfg = release|x64
		{7A04A1CD-F9EA-3CF2-B6E4-3A37B3D192D8}.release|x64.Build.0 = release|x64
		{0255956F-62F7-3995-A253-9B7677A41C18}.debug|x64.ActiveCfg = debug|x64
		{0255956F-62F7-3995-A253-9B7677A41C18}.debug|x64.Build.0 = debug|x64
		{0255956F-62F7-3995-A253-9B7677A41C18}.checked|x64.ActiveCfg = checked|x64
		{0255956F-62F7-3995-A253-9B7677A41C18}.checked|x64.Build.0 = checked|x64
		{0255956F-62F7-3995-A253-9B7677A41C18}.profile|x64.ActiveCfg = profile|x64
		{0255956F-62F7-3995-A253-9B7677A41C18}.profile|x64.Build.0 = profile|x64
		{0255956F-62F7-3995-A253-9B7677A41C18}.release|x64.ActiveCfg = release|x64
		{0255956F-62F7-3995-A253-9B7677A41C18}.release|x64.Build.0 = release|x64
		{7DF95D57-38D3-3F3E-84B7-E05EA55E558B}.debug|x64.ActiveCfg = debug|x64
		{7DF95D57-38D3-3F3E-84B7-E05EA55E558B}.debug|x64.Build.0 = debug|x64
		{7DF95D57-38D3-3F3E-84B7-E05EA55E558B}.checked|x64.ActiveCfg = checked|x64
		{7DF95D57-38D3-3F3E-84B7-E05EA55E558B}.checked|x64.Build.0 = checked|x64
		{7DF95D57-38D3-3F3E-84B7-E05EA55E558B}.profile|x64.ActiveCfg = profile|x64
		{7DF95D57-38D3-3F3E-84B7-E05EA55E558B}.profile|x64.Build.0 = profile|x64
		{7DF95D57-38D3-3F3E-84B7-E05EA55E558B}.release|x64.ActiveCfg = release|x64
		{7DF95D57-38D3-3F3E-84B7-E05EA55E558B}.release|x64.Build.0 = release|x64
		{3DED8F23-B9A3-33C4-9D49-9AACA1FF6239}.debug|x64.ActiveCfg = debug|x64
		{3DED8F23-B9A3-33C4-9D49-9AACA1FF6239}.debug|x64.Build.0 = debug|x64
		{3DED8F23-B9A3-33C4-9D49-9AACA1FF6239}.checked|x64.ActiveCfg = checked|x64
		{3DED8F23-B9A3-33C4-9D49-9AACA1FF6239}.checked|x64.Build.0 = checked|x64
		{3DED8F23-B9A3-33C4-9D49-9AACA1FF6239}.profile|x64.ActiveCfg = profile|x64
		{3DED8F23-B9A3-33C4-9D49-9AACA1FF6239}.profile|x64.Build.0 = profile|x64
		{3DED8F23-B9A3-33C4-9D49-9AACA1FF6239}.release|x64.ActiveCfg = release|x64
		{3DED8F23-B9A3-33C4-9D49-9AACA1FF6239}.release|x64.Build.0 = release|x64
		{1A9F9C46-E4BA-3F6B-BDCD-EF62E1251B1E}.debug|x64.ActiveCfg = debug|x64
		{1A9F9C46-E4BA-3F6B-BDCD-EF62E1251B1E}.debug|x64.Build.0 = debug|x64
		{1A9F9C46-E4BA-3F6B-BDCD-EF62E1251B1E}.checked|x64.ActiveCfg = checked|x64
		{1A9F9C46-E4BA-3F6B-BDCD-EF62E1251B1E}.checked|x64.Build.0 = checked|x64
		{1A9F9C46-E4BA-3F6B-BDCD-EF62E1251B1E}.profile|x64.ActiveCfg = profile|x64
		{1A9F9C46-E4BA-3F6B-BDCD-EF62E1251B1E}.profile|x64.Build.0 = profile|x64
		{1A9F9C46-E4BA-3F6B-BDCD-EF62E1251B1E}.release|x64.ActiveCfg = release|x64
		{1A9F9C46-E4BA-3F6B-BDCD-EF62E1251B1E}.release|x64.Build.0 = release|x64
		{2566DA1C-4CC7-33C7-BD33-7728D3AFE733}.debug|x64.ActiveCfg = debug|x64
		{2566DA1C-4CC7-33C7-BD33-7728D3AFE733}.debug|x64.Build.0 = debug|x64
		{2566DA1C-4CC7-33C7-BD33-7728D3AFE733}.checked|x64.ActiveCfg = checked|x64
		{2566DA1C-4CC7-33C7-BD33-7728D3AFE733}.checked|x64.Build.0 = checked|x64
		{2566DA1C-4CC7-33C7-BD33-7728D3AFE733}.profile|x64.ActiveCfg = profile|x64
		{2566DA1C-4CC7-33C7-BD33-7728D3AFE733}.profile|x64.Build.0 = profile|x64
		{2566DA1C-4CC7-33C7-BD33-7728D3AFE733}.release|x64.ActiveCfg = release|x64
		{2566DA1C-4CC7-33C7-BD33-7728D3AFE733}.release|x64.Build.0 = release|x64
	EndGlobalSection
	GlobalSection(NestedProjects) = preSolution
		{1706A4D8-D719-3C8B-B536-F7E552D83607} = {3B233F6D-192D-3A96-AAAB-A9D8874A8B54}
		{15ECF938-3637-3324-AFC1-5B5D64B87370} = {3B233F6D-192D-3A96-AAAB-A9D8874A8B54}
		{2566DA1C-4CC7-33C7-BD33-7728D3AFE733} = {3B233F6D-192D-3A96-AAAB-A9D8874A8B54}
		{4419EB5F-794F-3852-8B60-AA0A0A5B0477} = {F2E22FAD-C4C8-3C74-8F3D-956FF59DA18B}
		{ADC75279-EFB0-3455-BB48-77F69B251348} = {F2E22FAD-C4C8-3C74-8F3D-956FF59DA18B}
		{7F6CCBF7-A5D6-3631-A9E2-1F94E6740223} = {F2E22FAD-C4C8-3C74-8F3D-956FF59DA18B}
		{69B6F804-E023-30C0-8112-39438778CB3B} = {F2E22FAD-C4C8-3C74-8F3D-956FF59DA18B}
		{88A1F626-AC93-3EAC-8867-BD2D9DA9DDCB} = {F2E22FAD-C4C8-3C74-8F3D-956FF59DA18B}
		{F8646465-38E0-3157-BF90-4EF5C71AB21E} = {F2E22FAD-C4C8-3C74-8F3D-956FF59DA18B}
		{449E0A6B-0827-3500-848F-D65454CE9E70} = {F2E22FAD-C4C8-3C74-8F3D-956FF59DA18B}
		{B3634536-CA62-337E-8ECC-E73B77C954FB} = {F2E22FAD-C4C8-3C74-8F3D-956FF59DA18B}
		{BC89B4A8-F1D0-3C9C-B792-DF324AAD4929} = {F2E22FAD-C4C8-3C74-8F3D-956FF59DA18B}
		{C97A74A2-205A-382F-8377-462176ABAE87} = {F2E22FAD-C4C8-3C74-8F3D-956FF59DA18B}
		{ABE40F1E-E672-360A-AB98-7B2527F82883} = {F2E22FAD-C4C8-3C74-8F3D-956FF59DA18B}
		{9891D5F3-0EB6-301A-9041-9468E83014D8} = {F2E22FAD-C4C8-3C74-8F3D-956FF59DA18B}
		{1A0B03A3-D9C0-3108-A53D-49746926AF27} = {F2E22FAD-C4C8-3C74-8F3D-956FF59DA18B}
		{877996C9-D960-3EF4-BD21-5D0D6C19FC18} = {F2E22FAD-C4C8-3C74-8F3D-956FF59DA18B}
		{269B9496-FA2D-338B-A0B6-79F88F35FC4E} = {F2E22FAD-C4C8-3C74-8F3D-956FF59DA18B}
		{59FC8EF1-2B21-347A-804C-5F0E883DD224} = {8E329FE5-2B2E-3842-9E3C-5D14BCB0D4A1}
		{C846D018-D41D-3C7B-B5BB-F1E4B4D3A983} = {8E329FE5-2B2E-3842-9E3C-5D14BCB0D4A1}
		{A204FECB-AB7F-3E3B-8530-02B890472041} = {8E329FE5-2B2E-3842-9E3C-5D14BCB0D4A1}
		{392ED110-E221-383E-8BAF-0BD536A976C2} = {8E329FE5-2B2E-3842-9E3C-5D14BCB0D4A1}
		{457523DC-B822-36AA-B456-F37EB087EC4B} = {8E329FE5-2B2E-3842-9E3C-5D14BCB0D4A1}
		{4F9EE9AE-5404-3640-AF2D-3D750D55FE64} = {8E329FE5-2B2E-3842-9E3C-5D14BCB0D4A1}
		{F81D7B8F-74FA-3751-8700-A63CD82AC313} = {8E329FE5-2B2E-3842-9E3C-5D14BCB0D4A1}
		{6E517ED2-FFAB-3918-817C-33BAAD356106} = {8E329FE5-2B2E-3842-9E3C-5D14BCB0D4A1}
		{FE1C9CF6-2D76-3088-A9DF-52A7229703C2} = {8E329FE5-2B2E-3842-9E3C-5D14BCB0D4A1}
		{14086E34-CD9A-3F2F-928F-015BDAE23412} = {8E329FE5-2B2E-3842-9E3C-5D14BCB0D4A1}
		{985B31E0-6025-3CDD-AC6B-16F2EE5DB4B4} = {8E329FE5-2B2E-3842-9E3C-5D14BCB0D4A1}
		{A6E0B78C-450D-373A-9A48-80F0FADC5369} = {8E329FE5-2B2E-3842-9E3C-5D14BCB0D4A1}
		{EAE998EE-E7CD-3634-888F-EDCA32F7819A} = {8E329FE5-2B2E-3842-9E3C-5D14BCB0D4A1}
		{AF946F7D-61B1-38CE-A11A-26DC21690853} = {8E329FE5-2B2E-3842-9E3C-5D14BCB0D4A1}
		{3922B0DA-5811-3ECF-AFEE-223DC3CF8AC1} = {8E329FE5-2B2E-3842-9E3C-5D14BCB0D4A1}
		{8C3C4B9B-039E-3815-837E-21E8A8A13A19} = {8E329FE5-2B2E-3842-9E3C-5D14BCB0D4A1}
		{93E1DB22-FEA0-3B87-A62F-D56C3D3FFB78} = {8E329FE5-2B2E-3842-9E3C-5D14BCB0D4A1}
		{58DFD4F6-4417-3C1A-A588-9AD8BE289CD7} = {8E329FE5-2B2E-3842-9E3C-5D14BCB0D4A1}
		{0A0803E1-A36B-3576-AD6D-C4B54C393C8D} = {8E329FE5-2B2E-3842-9E3C-5D14BCB0D4A1}
		{BD9C8E45-506D-38AA-A663-EBF7EC884B65} = {8E329FE5-2B2E-3842-9E3C-5D14BCB0D4A1}
		{D2E2D7C2-D7A8-31AE-8A3D-FAF91BEE9AC0} = {8E329FE5-2B2E-3842-9E3C-5D14BCB0D4A1}
		{3B4F890C-702F-3962-A3F3-D048651729A7} = {8E329FE5-2B2E-3842-9E3C-5D14BCB0D4A1}
		{DF3FF8AD-3A31-3B60-8763-20F1D1B197CA} = {8E329FE5-2B2E-3842-9E3C-5D14BCB0D4A1}
		{65DB5852-BF27-34E1-A8BC-30C566C6B350} = {8E329FE5-2B2E-3842-9E3C-5D14BCB0D4A1}
		{5F84C247-3540-3511-B449-E1C8F1B9BE92} = {8E329FE5-2B2E-3842-9E3C-5D14BCB0D4A1}
		{8F02EE17-CC91-3CFE-B76A-342854E5EE00} = {8E329FE5-2B2E-3842-9E3C-5D14BCB0D4A1}
		{06F8ED68-5535-375D-9491-34E5D1C880C1} = {8E329FE5-2B2E-3842-9E3C-5D14BCB0D4A1}
		{A3879119-2C23-389C-AEFF-C2DBE852E4A7} = {8E329FE5-2B2E-3842-9E3C-5D14BCB0D4A1}
		{E6BA06D9-1352-3177-BC8E-E18CB1F605CB} = {8E329FE5-2B2E-3842-9E3C-5D14BCB0D4A1}
		{841CEE62-71EC-3497-ADB3-3BE786123D3E} = {8E329FE5-2B2E-3842-9E3C-5D14BCB0D4A1}
		{1492BD6B-0E83-36B2-A771-B3068AA959AC} = {8E329FE5-2B2E-3842-9E3C-5D14BCB0D4A1}
		{7A04A1CD-F9EA-3CF2-B6E4-3A37B3D192D8} = {8E329FE5-2B2E-3842-9E3C-5D14BCB0D4A1}
		{0255956F-62F7-3995-A253-9B7677A41C18} = {8E329FE5-2B2E-3842-9E3C-5D14BCB0D4A1}
		{7DF95D57-38D3-3F3E-84B7-E05EA55E558B} = {8E329FE5-2B2E-3842-9E3C-5D14BCB0D4A1}
		{3DED8F23-B9A3-33C4-9D49-9AACA1FF6239} = {8E329FE5-2B2E-3842-9E3C-5D14BCB0D4A1}
		{1A9F9C46-E4BA-3F6B-BDCD-EF62E1251B1E} = {8E329FE5-2B2E-3842-9E3C-5D14BCB0D4A1}
		{9AC7DBD1-FF10-3A48-A45F-EB78712EFD12} = {59FC8EF1-2B21-347A-804C-5F0E883DD224}
		{C7FE512D-6F08-33C6-9EAD-D5BBBDC01F92} = {59FC8EF1-2B21-347A-804C-5F0E883DD224}
	EndGlobalSection
	GlobalSection(ExtensibilityGlobals) = postSolution
		SolutionGuid = {B3AB1F33-5561-3F5B-A79C-35F03AF304BC}
	EndGlobalSection
	GlobalSection(ExtensibilityAddIns) = postSolution
	EndGlobalSection
EndGlobal
